// !$*UTF8*$!
{
	archiveVersion = 1;
	classes = {
	};
	objectVersion = 47;
	objects = {

/* Begin PBXBuildFile section */
		696CD79E1C4708ED0071DD18 /* AppDelegate.m in Sources */ = {isa = PBXBuildFile; fileRef = 696CD79D1C4708ED0071DD18 /* AppDelegate.m */; };
		696CD7A11C4708ED0071DD18 /* main.m in Sources */ = {isa = PBXBuildFile; fileRef = 696CD7A01C4708ED0071DD18 /* main.m */; };
		696CD7A31C4708ED0071DD18 /* Images.xcassets in Resources */ = {isa = PBXBuildFile; fileRef = 696CD7A21C4708ED0071DD18 /* Images.xcassets */; };
		696CD7A61C4708ED0071DD18 /* MainMenu.xib in Resources */ = {isa = PBXBuildFile; fileRef = 696CD7A41C4708ED0071DD18 /* MainMenu.xib */; };
		69A726AE1C470B56005FC024 /* MainWindowController.m in Sources */ = {isa = PBXBuildFile; fileRef = 69A726AC1C470B56005FC024 /* MainWindowController.m */; };
		69A726AF1C470B56005FC024 /* MainWindowController.xib in Resources */ = {isa = PBXBuildFile; fileRef = 69A726AD1C470B56005FC024 /* MainWindowController.xib */; };
		C48AE7AD1C76152200814D7D /* libSPTPersistentCache.a in Frameworks */ = {isa = PBXBuildFile; fileRef = C48AE7AC1C76152200814D7D /* libSPTPersistentCache.a */; };
		DDBCF5F41C68E2A300693038 /* Cocoa.framework in Frameworks */ = {isa = PBXBuildFile; fileRef = DDBCF5F31C68E2A300693038 /* Cocoa.framework */; };
/* End PBXBuildFile section */

/* Begin PBXContainerItemProxy section */
		69FD59DD1C4F0CA80052626E /* PBXContainerItemProxy */ = {
			isa = PBXContainerItemProxy;
			containerPortal = 69FD59D81C4F0CA70052626E /* SPTPersistentCache.xcodeproj */;
			proxyType = 2;
			remoteGlobalIDString = 0510FF131BA2FF7A00ED0766;
			remoteInfo = SPTPersistentCache;
		};
		69FD59DF1C4F0CA80052626E /* PBXContainerItemProxy */ = {
			isa = PBXContainerItemProxy;
			containerPortal = 69FD59D81C4F0CA70052626E /* SPTPersistentCache.xcodeproj */;
			proxyType = 2;
			remoteGlobalIDString = 0510FF1E1BA2FF7A00ED0766;
			remoteInfo = SPTPersistentCacheTests;
		};
/* End PBXContainerItemProxy section */

/* Begin PBXFileReference section */
		696CD79A1C4708ED0071DD18 /* SPTPersistentCacheViewer.app */ = {isa = PBXFileReference; explicitFileType = wrapper.application; includeInIndex = 0; path = SPTPersistentCacheViewer.app; sourceTree = BUILT_PRODUCTS_DIR; };
		696CD79C1C4708ED0071DD18 /* AppDelegate.h */ = {isa = PBXFileReference; lastKnownFileType = sourcecode.c.h; path = AppDelegate.h; sourceTree = "<group>"; };
		696CD79D1C4708ED0071DD18 /* AppDelegate.m */ = {isa = PBXFileReference; lastKnownFileType = sourcecode.c.objc; path = AppDelegate.m; sourceTree = "<group>"; };
		696CD7A01C4708ED0071DD18 /* main.m */ = {isa = PBXFileReference; lastKnownFileType = sourcecode.c.objc; path = main.m; sourceTree = "<group>"; };
		696CD7A21C4708ED0071DD18 /* Images.xcassets */ = {isa = PBXFileReference; lastKnownFileType = folder.assetcatalog; path = Images.xcassets; sourceTree = "<group>"; };
		696CD7A51C4708ED0071DD18 /* Base */ = {isa = PBXFileReference; lastKnownFileType = file.xib; name = Base; path = Base.lproj/MainMenu.xib; sourceTree = "<group>"; };
		696CD7A71C4708ED0071DD18 /* Info.plist */ = {isa = PBXFileReference; lastKnownFileType = text.plist.xml; path = Info.plist; sourceTree = "<group>"; };
		69A726AB1C470B56005FC024 /* MainWindowController.h */ = {isa = PBXFileReference; fileEncoding = 4; lastKnownFileType = sourcecode.c.h; path = MainWindowController.h; sourceTree = "<group>"; };
		69A726AC1C470B56005FC024 /* MainWindowController.m */ = {isa = PBXFileReference; fileEncoding = 4; lastKnownFileType = sourcecode.c.objc; path = MainWindowController.m; sourceTree = "<group>"; };
		69A726AD1C470B56005FC024 /* MainWindowController.xib */ = {isa = PBXFileReference; fileEncoding = 4; lastKnownFileType = file.xib; path = MainWindowController.xib; sourceTree = "<group>"; };
		69FD59D81C4F0CA70052626E /* SPTPersistentCache.xcodeproj */ = {isa = PBXFileReference; lastKnownFileType = "wrapper.pb-project"; name = SPTPersistentCache.xcodeproj; path = ../SPTPersistentCache.xcodeproj; sourceTree = "<group>"; };
		C48AE7AC1C76152200814D7D /* libSPTPersistentCache.a */ = {isa = PBXFileReference; lastKnownFileType = archive.ar; name = libSPTPersistentCache.a; path = "/Library/Developer/Xcode/DerivedData/SPTPersistentCache-baozpsdxvsedctakhrddpkmkyjzd/Build/Products/Debug/libSPTPersistentCache.a"; sourceTree = "<absolute>"; };
		DDBCF5F31C68E2A300693038 /* Cocoa.framework */ = {isa = PBXFileReference; lastKnownFileType = wrapper.framework; name = Cocoa.framework; path = System/Library/Frameworks/Cocoa.framework; sourceTree = SDKROOT; };
/* End PBXFileReference section */

/* Begin PBXFrameworksBuildPhase section */
		696CD7971C4708ED0071DD18 /* Frameworks */ = {
			isa = PBXFrameworksBuildPhase;
			buildActionMask = 2147483647;
			files = (
				C48AE7AD1C76152200814D7D /* libSPTPersistentCache.a in Frameworks */,
				DDBCF5F41C68E2A300693038 /* Cocoa.framework in Frameworks */,
			);
			runOnlyForDeploymentPostprocessing = 0;
		};
/* End PBXFrameworksBuildPhase section */

/* Begin PBXGroup section */
		0510FF0A1BA2FF7A00ED0766 = {
			isa = PBXGroup;
			children = (
				696CD79B1C4708ED0071DD18 /* Sources */,
				69FD59D71C4F0C970052626E /* Dependencies */,
				0510FF141BA2FF7A00ED0766 /* Products */,
			);
			sourceTree = "<group>";
		};
		0510FF141BA2FF7A00ED0766 /* Products */ = {
			isa = PBXGroup;
			children = (
				696CD79A1C4708ED0071DD18 /* SPTPersistentCacheViewer.app */,
			);
			name = Products;
			sourceTree = "<group>";
		};
		696CD79B1C4708ED0071DD18 /* Sources */ = {
			isa = PBXGroup;
			children = (
				696CD79C1C4708ED0071DD18 /* AppDelegate.h */,
				696CD79D1C4708ED0071DD18 /* AppDelegate.m */,
				69A726AB1C470B56005FC024 /* MainWindowController.h */,
				69A726AC1C470B56005FC024 /* MainWindowController.m */,
				69A726AD1C470B56005FC024 /* MainWindowController.xib */,
				696CD7A21C4708ED0071DD18 /* Images.xcassets */,
				696CD7A41C4708ED0071DD18 /* MainMenu.xib */,
				696CD7A71C4708ED0071DD18 /* Info.plist */,
				696CD79F1C4708ED0071DD18 /* Supporting Files */,
			);
			name = Sources;
			sourceTree = "<group>";
		};
		696CD79F1C4708ED0071DD18 /* Supporting Files */ = {
			isa = PBXGroup;
			children = (
				696CD7A01C4708ED0071DD18 /* main.m */,
			);
			name = "Supporting Files";
			sourceTree = "<group>";
		};
		69FD59D71C4F0C970052626E /* Dependencies */ = {
			isa = PBXGroup;
			children = (
				DDBCF5F31C68E2A300693038 /* Cocoa.framework */,
				C48AE7AC1C76152200814D7D /* libSPTPersistentCache.a */,
				69FD59D81C4F0CA70052626E /* SPTPersistentCache.xcodeproj */,
			);
			name = Dependencies;
			sourceTree = "<group>";
		};
		69FD59D91C4F0CA70052626E /* Products */ = {
			isa = PBXGroup;
			children = (
				69FD59DE1C4F0CA80052626E /* libSPTPersistentCache.a */,
				69FD59E01C4F0CA80052626E /* SPTPersistentCacheTests.xctest */,
			);
			name = Products;
			sourceTree = "<group>";
		};
/* End PBXGroup section */

/* Begin PBXNativeTarget section */
		696CD7991C4708ED0071DD18 /* SPTPersistentCacheViewer */ = {
			isa = PBXNativeTarget;
			buildConfigurationList = 696CD7AA1C4708ED0071DD18 /* Build configuration list for PBXNativeTarget "SPTPersistentCacheViewer" */;
			buildPhases = (
				696CD7961C4708ED0071DD18 /* Sources */,
				696CD7981C4708ED0071DD18 /* Resources */,
				696CD7971C4708ED0071DD18 /* Frameworks */,
			);
			buildRules = (
			);
			dependencies = (
			);
			name = SPTPersistentCacheViewer;
			productName = PersistentDataCacheViewer;
			productReference = 696CD79A1C4708ED0071DD18 /* SPTPersistentCacheViewer.app */;
			productType = "com.apple.product-type.application";
		};
/* End PBXNativeTarget section */

/* Begin PBXProject section */
		0510FF0B1BA2FF7A00ED0766 /* Project object */ = {
			isa = PBXProject;
			attributes = {
				CLASSPREFIX = SPTPersistentCache;
				LastUpgradeCheck = 0700;
				ORGANIZATIONNAME = Spotify;
				TargetAttributes = {
					696CD7991C4708ED0071DD18 = {
						CreatedOnToolsVersion = 7.2;
					};
				};
			};
			buildConfigurationList = 0510FF0E1BA2FF7A00ED0766 /* Build configuration list for PBXProject "SPTPersistentCacheViewer" */;
			compatibilityVersion = "Xcode 6.3";
			developmentRegion = English;
			hasScannedForEncodings = 0;
			knownRegions = (
				en,
				Base,
			);
			mainGroup = 0510FF0A1BA2FF7A00ED0766;
			productRefGroup = 0510FF141BA2FF7A00ED0766 /* Products */;
			projectDirPath = "";
			projectReferences = (
				{
					ProductGroup = 69FD59D91C4F0CA70052626E /* Products */;
					ProjectRef = 69FD59D81C4F0CA70052626E /* SPTPersistentCache.xcodeproj */;
				},
			);
			projectRoot = "";
			targets = (
				696CD7991C4708ED0071DD18 /* SPTPersistentCacheViewer */,
			);
		};
/* End PBXProject section */

/* Begin PBXReferenceProxy section */
		69FD59DE1C4F0CA80052626E /* libSPTPersistentCache.a */ = {
			isa = PBXReferenceProxy;
			fileType = archive.ar;
			path = libSPTPersistentCache.a;
			remoteRef = 69FD59DD1C4F0CA80052626E /* PBXContainerItemProxy */;
			sourceTree = BUILT_PRODUCTS_DIR;
		};
		69FD59E01C4F0CA80052626E /* SPTPersistentCacheTests.xctest */ = {
			isa = PBXReferenceProxy;
			fileType = wrapper.cfbundle;
			path = SPTPersistentCacheTests.xctest;
			remoteRef = 69FD59DF1C4F0CA80052626E /* PBXContainerItemProxy */;
			sourceTree = BUILT_PRODUCTS_DIR;
		};
/* End PBXReferenceProxy section */

/* Begin PBXResourcesBuildPhase section */
		696CD7981C4708ED0071DD18 /* Resources */ = {
			isa = PBXResourcesBuildPhase;
			buildActionMask = 2147483647;
			files = (
				696CD7A31C4708ED0071DD18 /* Images.xcassets in Resources */,
				69A726AF1C470B56005FC024 /* MainWindowController.xib in Resources */,
				696CD7A61C4708ED0071DD18 /* MainMenu.xib in Resources */,
			);
			runOnlyForDeploymentPostprocessing = 0;
		};
/* End PBXResourcesBuildPhase section */

/* Begin PBXSourcesBuildPhase section */
		696CD7961C4708ED0071DD18 /* Sources */ = {
			isa = PBXSourcesBuildPhase;
			buildActionMask = 2147483647;
			files = (
				69A726AE1C470B56005FC024 /* MainWindowController.m in Sources */,
				696CD7A11C4708ED0071DD18 /* main.m in Sources */,
				696CD79E1C4708ED0071DD18 /* AppDelegate.m in Sources */,
			);
			runOnlyForDeploymentPostprocessing = 0;
		};
/* End PBXSourcesBuildPhase section */

/* Begin PBXVariantGroup section */
		696CD7A41C4708ED0071DD18 /* MainMenu.xib */ = {
			isa = PBXVariantGroup;
			children = (
				696CD7A51C4708ED0071DD18 /* Base */,
			);
			name = MainMenu.xib;
			sourceTree = "<group>";
		};
/* End PBXVariantGroup section */

/* Begin XCBuildConfiguration section */
		0510FF251BA2FF7A00ED0766 /* Debug */ = {
			isa = XCBuildConfiguration;
			buildSettings = {
				ALWAYS_SEARCH_USER_PATHS = NO;
				CLANG_ENABLE_MODULES = YES;
				CLANG_ENABLE_OBJC_ARC = YES;
				CLANG_WARN_BOOL_CONVERSION = YES;
				CLANG_WARN_CONSTANT_CONVERSION = YES;
				CLANG_WARN_DIRECT_OBJC_ISA_USAGE = YES_ERROR;
				CLANG_WARN_EMPTY_BODY = YES;
				CLANG_WARN_ENUM_CONVERSION = YES;
				CLANG_WARN_INT_CONVERSION = YES;
				CLANG_WARN_OBJC_ROOT_CLASS = YES_ERROR;
				CLANG_WARN_UNREACHABLE_CODE = YES;
				CLANG_WARN__DUPLICATE_METHOD_MATCH = YES;
				COPY_PHASE_STRIP = NO;
				DEBUG_INFORMATION_FORMAT = dwarf;
				ENABLE_STRICT_OBJC_MSGSEND = YES;
				ENABLE_TESTABILITY = YES;
				GCC_DYNAMIC_NO_PIC = NO;
				GCC_NO_COMMON_BLOCKS = YES;
				GCC_OPTIMIZATION_LEVEL = 0;
				GCC_PREPROCESSOR_DEFINITIONS = (
					"DEBUG=1",
					"$(inherited)",
				);
				GCC_SYMBOLS_PRIVATE_EXTERN = NO;
				GCC_WARN_64_TO_32_BIT_CONVERSION = YES;
				GCC_WARN_ABOUT_RETURN_TYPE = YES_ERROR;
				GCC_WARN_UNDECLARED_SELECTOR = YES;
				GCC_WARN_UNINITIALIZED_AUTOS = YES_AGGRESSIVE;
				GCC_WARN_UNUSED_FUNCTION = YES;
				GCC_WARN_UNUSED_VARIABLE = YES;
				IPHONEOS_DEPLOYMENT_TARGET = 8.4;
				MTL_ENABLE_DEBUG_INFO = YES;
				ONLY_ACTIVE_ARCH = YES;
				SDKROOT = macosx;
				SUPPORTED_PLATFORMS = macosx;
			};
			name = Debug;
		};
		0510FF261BA2FF7A00ED0766 /* Release */ = {
			isa = XCBuildConfiguration;
			buildSettings = {
				ALWAYS_SEARCH_USER_PATHS = NO;
				CLANG_ENABLE_MODULES = YES;
				CLANG_ENABLE_OBJC_ARC = YES;
				CLANG_WARN_BOOL_CONVERSION = YES;
				CLANG_WARN_CONSTANT_CONVERSION = YES;
				CLANG_WARN_DIRECT_OBJC_ISA_USAGE = YES_ERROR;
				CLANG_WARN_EMPTY_BODY = YES;
				CLANG_WARN_ENUM_CONVERSION = YES;
				CLANG_WARN_INT_CONVERSION = YES;
				CLANG_WARN_OBJC_ROOT_CLASS = YES_ERROR;
				CLANG_WARN_UNREACHABLE_CODE = YES;
				CLANG_WARN__DUPLICATE_METHOD_MATCH = YES;
				COPY_PHASE_STRIP = NO;
				DEBUG_INFORMATION_FORMAT = "dwarf-with-dsym";
				ENABLE_NS_ASSERTIONS = NO;
				ENABLE_STRICT_OBJC_MSGSEND = YES;
				GCC_NO_COMMON_BLOCKS = YES;
				GCC_WARN_64_TO_32_BIT_CONVERSION = YES;
				GCC_WARN_ABOUT_RETURN_TYPE = YES_ERROR;
				GCC_WARN_UNDECLARED_SELECTOR = YES;
				GCC_WARN_UNINITIALIZED_AUTOS = YES_AGGRESSIVE;
				GCC_WARN_UNUSED_FUNCTION = YES;
				GCC_WARN_UNUSED_VARIABLE = YES;
				IPHONEOS_DEPLOYMENT_TARGET = 8.4;
				MTL_ENABLE_DEBUG_INFO = NO;
				SDKROOT = macosx;
				SUPPORTED_PLATFORMS = macosx;
				VALIDATE_PRODUCT = YES;
			};
			name = Release;
		};
		696CD7A81C4708ED0071DD18 /* Debug */ = {
			isa = XCBuildConfiguration;
			buildSettings = {
				ASSETCATALOG_COMPILER_APPICON_NAME = AppIcon;
				CLANG_CXX_LANGUAGE_STANDARD = "gnu++0x";
				CLANG_CXX_LIBRARY = "libc++";
				CODE_SIGN_IDENTITY = "-";
				COMBINE_HIDPI_IMAGES = YES;
				GCC_C_LANGUAGE_STANDARD = gnu99;
				HEADER_SEARCH_PATHS = "$(SRCROOT)/../include";
				INFOPLIST_FILE = Info.plist;
				LD_RUNPATH_SEARCH_PATHS = "$(inherited) @executable_path/../Frameworks";
				MACOSX_DEPLOYMENT_TARGET = 10.9;
				PRODUCT_BUNDLE_IDENTIFIER = com.spotify.PersistentDataCacheViewer;
				PRODUCT_NAME = SPTPersistentCacheViewer;
			};
			name = Debug;
		};
		696CD7A91C4708ED0071DD18 /* Release */ = {
			isa = XCBuildConfiguration;
			buildSettings = {
				ASSETCATALOG_COMPILER_APPICON_NAME = AppIcon;
				CLANG_CXX_LANGUAGE_STANDARD = "gnu++0x";
				CLANG_CXX_LIBRARY = "libc++";
				CODE_SIGN_IDENTITY = "-";
				COMBINE_HIDPI_IMAGES = YES;
				GCC_C_LANGUAGE_STANDARD = gnu99;
				HEADER_SEARCH_PATHS = "$(SRCROOT)/../include";
				INFOPLIST_FILE = Info.plist;
				LD_RUNPATH_SEARCH_PATHS = "$(inherited) @executable_path/../Frameworks";
				MACOSX_DEPLOYMENT_TARGET = 10.9;
				PRODUCT_BUNDLE_IDENTIFIER = com.spotify.PersistentDataCacheViewer;
				PRODUCT_NAME = SPTPersistentCacheViewer;
			};
			name = Release;
		};
/* End XCBuildConfiguration section */

/* Begin XCConfigurationList section */
		0510FF0E1BA2FF7A00ED0766 /* Build configuration list for PBXProject "SPTPersistentCacheViewer" */ = {
			isa = XCConfigurationList;
			buildConfigurations = (
				0510FF251BA2FF7A00ED0766 /* Debug */,
				0510FF261BA2FF7A00ED0766 /* Release */,
			);
			defaultConfigurationIsVisible = 0;
			defaultConfigurationName = Release;
		};
		696CD7AA1C4708ED0071DD18 /* Build configuration list for PBXNativeTarget "SPTPersistentCacheViewer" */ = {
			isa = XCConfigurationList;
			buildConfigurations = (
				696CD7A81C4708ED0071DD18 /* Debug */,
				696CD7A91C4708ED0071DD18 /* Release */,
			);
			defaultConfigurationIsVisible = 0;
			defaultConfigurationName = Release;
		};
/* End XCConfigurationList section */
	};
	rootObject = 0510FF0B1BA2FF7A00ED0766 /* Project object */;
}
