// !$*UTF8*$!
{
	archiveVersion = 1;
	classes = {
	};
	objectVersion = 47;
	objects = {

/* Begin PBXBuildFile section */
		050076AA1C7A2B6D000819B5 /* NSFileManagerMock.m in Sources */ = {isa = PBXBuildFile; fileRef = 050076A91C7A2B6D000819B5 /* NSFileManagerMock.m */; };
		050076AD1C7A2FF7000819B5 /* SPTPersistentCachePosixWrapper.m in Sources */ = {isa = PBXBuildFile; fileRef = 050076AC1C7A2FF7000819B5 /* SPTPersistentCachePosixWrapper.m */; };
		050076B01C7A3137000819B5 /* SPTPersistentCachePosixWrapperMock.m in Sources */ = {isa = PBXBuildFile; fileRef = 050076AF1C7A3137000819B5 /* SPTPersistentCachePosixWrapperMock.m */; };
		0510FF1F1BA2FF7A00ED0766 /* libSPTPersistentCache.a in Frameworks */ = {isa = PBXBuildFile; fileRef = 0510FF131BA2FF7A00ED0766 /* libSPTPersistentCache.a */; };
		0510FF6B1BA3073D00ED0766 /* SPTPersistentCacheTests.m in Sources */ = {isa = PBXBuildFile; fileRef = 0510FF6A1BA3073D00ED0766 /* SPTPersistentCacheTests.m */; };
		057AFD5B1C70F99A00350C9F /* SPTPersistentCacheHeader.m in Sources */ = {isa = PBXBuildFile; fileRef = 057AFD5A1C70F99A00350C9F /* SPTPersistentCacheHeader.m */; };
		0595F0A91C5008060052328B /* SPTPersistentCacheRecord.m in Sources */ = {isa = PBXBuildFile; fileRef = 0595F0A81C5008060052328B /* SPTPersistentCacheRecord.m */; };
		0595F0B01C5009800052328B /* SPTPersistentCacheResponse.m in Sources */ = {isa = PBXBuildFile; fileRef = 0595F0AF1C5009800052328B /* SPTPersistentCacheResponse.m */; };
		0595F33A1C50117B0052328B /* SPTPersistentCacheGarbageCollector.m in Sources */ = {isa = PBXBuildFile; fileRef = 0595F3391C50117B0052328B /* SPTPersistentCacheGarbageCollector.m */; };
		696CD78A1C4707E20071DD18 /* crc32iso3309.c in Sources */ = {isa = PBXBuildFile; fileRef = 696CD7841C4707E20071DD18 /* crc32iso3309.c */; };
		696CD78B1C4707E20071DD18 /* SPTPersistentCache.m in Sources */ = {isa = PBXBuildFile; fileRef = 696CD7861C4707E20071DD18 /* SPTPersistentCache.m */; };
		696CD78C1C4707E20071DD18 /* SPTPersistentCacheOptions.m in Sources */ = {isa = PBXBuildFile; fileRef = 696CD7871C4707E20071DD18 /* SPTPersistentCacheOptions.m */; };
		698B70641C7538B000BDBFEA /* aad0e75ab0a6828d0a9b37a68198cc9d70d84850 in Resources */ = {isa = PBXBuildFile; fileRef = 698B70531C7538B000BDBFEA /* aad0e75ab0a6828d0a9b37a68198cc9d70d84850 */; };
		698B70651C7538B000BDBFEA /* ab3d97d4d7b3df5417490aa726c5a49b9ee98038 in Resources */ = {isa = PBXBuildFile; fileRef = 698B70541C7538B000BDBFEA /* ab3d97d4d7b3df5417490aa726c5a49b9ee98038 */; };
		698B70661C7538B000BDBFEA /* b02c1be08c00bac5f4f1a62c6f353a24487bb024 in Resources */ = {isa = PBXBuildFile; fileRef = 698B70551C7538B000BDBFEA /* b02c1be08c00bac5f4f1a62c6f353a24487bb024 */; };
		698B70671C7538B000BDBFEA /* b3e04bf446b486412a13659af71e3a333c6152f4 in Resources */ = {isa = PBXBuildFile; fileRef = 698B70561C7538B000BDBFEA /* b3e04bf446b486412a13659af71e3a333c6152f4 */; };
		698B70681C7538B000BDBFEA /* b53aed36cdc67dd43b496db74843ac32fe1f64bb in Resources */ = {isa = PBXBuildFile; fileRef = 698B70571C7538B000BDBFEA /* b53aed36cdc67dd43b496db74843ac32fe1f64bb */; };
		698B70691C7538B000BDBFEA /* b91998ae68b9639cee6243df0886d69bdeb75854 in Resources */ = {isa = PBXBuildFile; fileRef = 698B70581C7538B000BDBFEA /* b91998ae68b9639cee6243df0886d69bdeb75854 */; };
		698B706A1C7538B000BDBFEA /* c3b19963fc076930dd36ce3968757704bbc97357 in Resources */ = {isa = PBXBuildFile; fileRef = 698B70591C7538B000BDBFEA /* c3b19963fc076930dd36ce3968757704bbc97357 */; };
		698B706B1C7538B000BDBFEA /* c5aec3eef2478bfe47aef16787a6b4df31eb45f2 in Resources */ = {isa = PBXBuildFile; fileRef = 698B705A1C7538B000BDBFEA /* c5aec3eef2478bfe47aef16787a6b4df31eb45f2 */; };
		698B706C1C7538B000BDBFEA /* e5a1921f8f75d42412e08aff4da33e1132f7ee8a in Resources */ = {isa = PBXBuildFile; fileRef = 698B705B1C7538B000BDBFEA /* e5a1921f8f75d42412e08aff4da33e1132f7ee8a */; };
		698B706D1C7538B000BDBFEA /* e5b8abdc091921d49e86687e28b74abb3139df70 in Resources */ = {isa = PBXBuildFile; fileRef = 698B705C1C7538B000BDBFEA /* e5b8abdc091921d49e86687e28b74abb3139df70 */; };
		698B706E1C7538B000BDBFEA /* ee678d23b8dba2997c52741e88fa7a1fdeaf2863 in Resources */ = {isa = PBXBuildFile; fileRef = 698B705D1C7538B000BDBFEA /* ee678d23b8dba2997c52741e88fa7a1fdeaf2863 */; };
		698B706F1C7538B000BDBFEA /* ee6b44ab07fa3937a6d37f449355b64c09677295 in Resources */ = {isa = PBXBuildFile; fileRef = 698B705E1C7538B000BDBFEA /* ee6b44ab07fa3937a6d37f449355b64c09677295 */; };
		698B70701C7538B000BDBFEA /* eee9747e967c4440eb90bb812d148aa3d0056700 in Resources */ = {isa = PBXBuildFile; fileRef = 698B705F1C7538B000BDBFEA /* eee9747e967c4440eb90bb812d148aa3d0056700 */; };
		698B70711C7538B000BDBFEA /* f1eeb834607dcc2b01909bd740d4356f2abb4cd1 in Resources */ = {isa = PBXBuildFile; fileRef = 698B70601C7538B000BDBFEA /* f1eeb834607dcc2b01909bd740d4356f2abb4cd1 */; };
		698B70721C7538B000BDBFEA /* f50512901688b79a7852999d384d097a71fad788 in Resources */ = {isa = PBXBuildFile; fileRef = 698B70611C7538B000BDBFEA /* f50512901688b79a7852999d384d097a71fad788 */; };
		698B70731C7538B000BDBFEA /* f7501f27f70162a9a7da196c5d2ece3151a2d80a in Resources */ = {isa = PBXBuildFile; fileRef = 698B70621C7538B000BDBFEA /* f7501f27f70162a9a7da196c5d2ece3151a2d80a */; };
		698B70741C7538B000BDBFEA /* fc22d4f65c1ba875f6bb5ba7d35a7fd12851ed5c in Resources */ = {isa = PBXBuildFile; fileRef = 698B70631C7538B000BDBFEA /* fc22d4f65c1ba875f6bb5ba7d35a7fd12851ed5c */; };
		772B8BF11D6DE879008E7347 /* SPTPersistentCachePerformanceTests.m in Sources */ = {isa = PBXBuildFile; fileRef = 772B8BF01D6DE879008E7347 /* SPTPersistentCachePerformanceTests.m */; };
		9C9E70711C78D39900E1CBE6 /* SPTPersistentCacheObjectDescription.m in Sources */ = {isa = PBXBuildFile; fileRef = 9C9E70701C78D39900E1CBE6 /* SPTPersistentCacheObjectDescription.m */; };
		9C9E70731C78D5AA00E1CBE6 /* SPTPersistentCacheObjectDescriptionTests.m in Sources */ = {isa = PBXBuildFile; fileRef = 9C9E70721C78D5AA00E1CBE6 /* SPTPersistentCacheObjectDescriptionTests.m */; };
		9C9E70761C78FD9700E1CBE6 /* SPTPersistentCacheObjectDescriptionStyleValidator.m in Sources */ = {isa = PBXBuildFile; fileRef = 9C9E70751C78FD9700E1CBE6 /* SPTPersistentCacheObjectDescriptionStyleValidator.m */; };
		9C9E70781C790ED900E1CBE6 /* SPTPersistentCacheRecordTests.m in Sources */ = {isa = PBXBuildFile; fileRef = C4B4148B1C6A01970099FECD /* SPTPersistentCacheRecordTests.m */; };
		C41237081C6A29FB00C1E9B8 /* SPTPersistentCacheGarbageCollectorTests.m in Sources */ = {isa = PBXBuildFile; fileRef = C41237071C6A29FB00C1E9B8 /* SPTPersistentCacheGarbageCollectorTests.m */; };
		C413BA011C71CBBA002D41FB /* SPTPersistentCacheHeaderTests.m in Sources */ = {isa = PBXBuildFile; fileRef = C413BA001C71CBBA002D41FB /* SPTPersistentCacheHeaderTests.m */; };
		C413BA051C71E1A0002D41FB /* NSError+SPTPersistentCacheDomainErrors.m in Sources */ = {isa = PBXBuildFile; fileRef = C413BA041C71E1A0002D41FB /* NSError+SPTPersistentCacheDomainErrors.m */; };
		C413BA071C71E2DC002D41FB /* NSError+SPTPersistentCacheDomainErrorsTests.m in Sources */ = {isa = PBXBuildFile; fileRef = C413BA061C71E2DC002D41FB /* NSError+SPTPersistentCacheDomainErrorsTests.m */; };
		C45526AF1C77D7ED008D5570 /* SPTPersistentCacheTypeUtilities.m in Sources */ = {isa = PBXBuildFile; fileRef = C45526AE1C77D7ED008D5570 /* SPTPersistentCacheTypeUtilities.m */; };
		C48AE4641C74A7F800814D7D /* SPTPersistentCacheFileManager.m in Sources */ = {isa = PBXBuildFile; fileRef = C48AE4631C74A7F800814D7D /* SPTPersistentCacheFileManager.m */; };
		C48AE7411C75BB8300814D7D /* SPTPersistentCacheFileManagerTests.m in Sources */ = {isa = PBXBuildFile; fileRef = C48AE7401C75BB8300814D7D /* SPTPersistentCacheFileManagerTests.m */; };
		C4B4148F1C6A1BED0099FECD /* SPTPersistentCacheResponseTests.m in Sources */ = {isa = PBXBuildFile; fileRef = C4B4148E1C6A1BED0099FECD /* SPTPersistentCacheResponseTests.m */; };
		C4B414911C6A24A10099FECD /* SPTPersistentCacheOptionsTests.m in Sources */ = {isa = PBXBuildFile; fileRef = C4B414901C6A24A10099FECD /* SPTPersistentCacheOptionsTests.m */; };
		C4B98D1B1C7B5CB900E1B9A3 /* SPTPersistentCacheDebugUtilitiesTests.m in Sources */ = {isa = PBXBuildFile; fileRef = C4B98D1A1C7B5CB900E1B9A3 /* SPTPersistentCacheDebugUtilitiesTests.m */; };
		C4EA65031C7A478100A6091A /* SPTPersistentCacheDebugUtilities.m in Sources */ = {isa = PBXBuildFile; fileRef = C4EA65021C7A478100A6091A /* SPTPersistentCacheDebugUtilities.m */; };
/* End PBXBuildFile section */

/* Begin PBXContainerItemProxy section */
		0510FF201BA2FF7A00ED0766 /* PBXContainerItemProxy */ = {
			isa = PBXContainerItemProxy;
			containerPortal = 0510FF0B1BA2FF7A00ED0766 /* Project object */;
			proxyType = 1;
			remoteGlobalIDString = 0510FF121BA2FF7A00ED0766;
			remoteInfo = SPTPersistentCache;
		};
/* End PBXContainerItemProxy section */

/* Begin PBXCopyFilesBuildPhase section */
		0510FF111BA2FF7A00ED0766 /* CopyFiles */ = {
			isa = PBXCopyFilesBuildPhase;
			buildActionMask = 2147483647;
			dstPath = "include/$(PRODUCT_NAME)";
			dstSubfolderSpec = 16;
			files = (
			);
			runOnlyForDeploymentPostprocessing = 0;
		};
/* End PBXCopyFilesBuildPhase section */

/* Begin PBXFileReference section */
		050076A81C7A2B6D000819B5 /* NSFileManagerMock.h */ = {isa = PBXFileReference; fileEncoding = 4; lastKnownFileType = sourcecode.c.h; path = NSFileManagerMock.h; sourceTree = "<group>"; };
		050076A91C7A2B6D000819B5 /* NSFileManagerMock.m */ = {isa = PBXFileReference; fileEncoding = 4; lastKnownFileType = sourcecode.c.objc; path = NSFileManagerMock.m; sourceTree = "<group>"; };
		050076AB1C7A2FF7000819B5 /* SPTPersistentCachePosixWrapper.h */ = {isa = PBXFileReference; fileEncoding = 4; lastKnownFileType = sourcecode.c.h; path = SPTPersistentCachePosixWrapper.h; sourceTree = "<group>"; };
		050076AC1C7A2FF7000819B5 /* SPTPersistentCachePosixWrapper.m */ = {isa = PBXFileReference; fileEncoding = 4; lastKnownFileType = sourcecode.c.objc; path = SPTPersistentCachePosixWrapper.m; sourceTree = "<group>"; };
		050076AE1C7A3137000819B5 /* SPTPersistentCachePosixWrapperMock.h */ = {isa = PBXFileReference; fileEncoding = 4; lastKnownFileType = sourcecode.c.h; path = SPTPersistentCachePosixWrapperMock.h; sourceTree = "<group>"; };
		050076AF1C7A3137000819B5 /* SPTPersistentCachePosixWrapperMock.m */ = {isa = PBXFileReference; fileEncoding = 4; lastKnownFileType = sourcecode.c.objc; path = SPTPersistentCachePosixWrapperMock.m; sourceTree = "<group>"; };
		0510FF131BA2FF7A00ED0766 /* libSPTPersistentCache.a */ = {isa = PBXFileReference; explicitFileType = archive.ar; includeInIndex = 0; path = libSPTPersistentCache.a; sourceTree = BUILT_PRODUCTS_DIR; };
		0510FF1E1BA2FF7A00ED0766 /* SPTPersistentCacheTests.xctest */ = {isa = PBXFileReference; explicitFileType = wrapper.cfbundle; includeInIndex = 0; path = SPTPersistentCacheTests.xctest; sourceTree = BUILT_PRODUCTS_DIR; };
		0510FF241BA2FF7A00ED0766 /* Info.plist */ = {isa = PBXFileReference; lastKnownFileType = text.plist.xml; path = Info.plist; sourceTree = "<group>"; };
		0510FF6A1BA3073D00ED0766 /* SPTPersistentCacheTests.m */ = {isa = PBXFileReference; fileEncoding = 4; lastKnownFileType = sourcecode.c.objc; path = SPTPersistentCacheTests.m; sourceTree = "<group>"; };
		055725EB1C6519B700EF6787 /* README.md */ = {isa = PBXFileReference; fileEncoding = 4; lastKnownFileType = net.daringfireball.markdown; path = README.md; sourceTree = "<group>"; };
		055725ED1C651ED600EF6787 /* LICENSE */ = {isa = PBXFileReference; lastKnownFileType = text; path = LICENSE; sourceTree = "<group>"; };
		055725EE1C651EF200EF6787 /* CONTRIBUTING.md */ = {isa = PBXFileReference; lastKnownFileType = net.daringfireball.markdown; path = CONTRIBUTING.md; sourceTree = "<group>"; };
		057AF8531C6E18AC00350C9F /* AppKit.framework */ = {isa = PBXFileReference; lastKnownFileType = wrapper.framework; name = AppKit.framework; path = System/Library/Frameworks/AppKit.framework; sourceTree = SDKROOT; };
		057AFD5A1C70F99A00350C9F /* SPTPersistentCacheHeader.m */ = {isa = PBXFileReference; fileEncoding = 4; lastKnownFileType = sourcecode.c.objc; path = SPTPersistentCacheHeader.m; sourceTree = "<group>"; };
		0595F0A81C5008060052328B /* SPTPersistentCacheRecord.m */ = {isa = PBXFileReference; fileEncoding = 4; lastKnownFileType = sourcecode.c.objc; path = SPTPersistentCacheRecord.m; sourceTree = "<group>"; };
		0595F0AA1C50081C0052328B /* SPTPersistentCacheRecord.h */ = {isa = PBXFileReference; lastKnownFileType = sourcecode.c.h; path = SPTPersistentCacheRecord.h; sourceTree = "<group>"; };
		0595F0AB1C5008AB0052328B /* SPTPersistentCacheRecord+Private.h */ = {isa = PBXFileReference; fileEncoding = 4; lastKnownFileType = sourcecode.c.h; path = "SPTPersistentCacheRecord+Private.h"; sourceTree = "<group>"; };
		0595F0AF1C5009800052328B /* SPTPersistentCacheResponse.m */ = {isa = PBXFileReference; fileEncoding = 4; lastKnownFileType = sourcecode.c.objc; path = SPTPersistentCacheResponse.m; sourceTree = "<group>"; };
		0595F0B11C5009920052328B /* SPTPersistentCacheResponse.h */ = {isa = PBXFileReference; lastKnownFileType = sourcecode.c.h; path = SPTPersistentCacheResponse.h; sourceTree = "<group>"; };
		0595F0B21C500A540052328B /* SPTPersistentCacheResponse+Private.h */ = {isa = PBXFileReference; fileEncoding = 4; lastKnownFileType = sourcecode.c.h; path = "SPTPersistentCacheResponse+Private.h"; sourceTree = "<group>"; };
		0595F3381C50117B0052328B /* SPTPersistentCacheGarbageCollector.h */ = {isa = PBXFileReference; fileEncoding = 4; lastKnownFileType = sourcecode.c.h; path = SPTPersistentCacheGarbageCollector.h; sourceTree = "<group>"; };
		0595F3391C50117B0052328B /* SPTPersistentCacheGarbageCollector.m */ = {isa = PBXFileReference; fileEncoding = 4; lastKnownFileType = sourcecode.c.objc; path = SPTPersistentCacheGarbageCollector.m; sourceTree = "<group>"; };
		0595F33B1C5011E30052328B /* SPTPersistentCache+Private.h */ = {isa = PBXFileReference; fileEncoding = 4; lastKnownFileType = sourcecode.c.h; path = "SPTPersistentCache+Private.h"; sourceTree = "<group>"; };
		05C0B6531DDF7F9C00DDC99A /* CHANGELOG.md */ = {isa = PBXFileReference; lastKnownFileType = net.daringfireball.markdown; path = CHANGELOG.md; sourceTree = "<group>"; };
		696CD7841C4707E20071DD18 /* crc32iso3309.c */ = {isa = PBXFileReference; fileEncoding = 4; lastKnownFileType = sourcecode.c.c; path = crc32iso3309.c; sourceTree = "<group>"; };
		696CD7851C4707E20071DD18 /* crc32iso3309.h */ = {isa = PBXFileReference; fileEncoding = 4; lastKnownFileType = sourcecode.c.h; path = crc32iso3309.h; sourceTree = "<group>"; };
		696CD7861C4707E20071DD18 /* SPTPersistentCache.m */ = {isa = PBXFileReference; fileEncoding = 4; lastKnownFileType = sourcecode.c.objc; path = SPTPersistentCache.m; sourceTree = "<group>"; };
		696CD7871C4707E20071DD18 /* SPTPersistentCacheOptions.m */ = {isa = PBXFileReference; fileEncoding = 4; lastKnownFileType = sourcecode.c.objc; lineEnding = 0; path = SPTPersistentCacheOptions.m; sourceTree = "<group>"; xcLanguageSpecificationIdentifier = xcode.lang.objc; };
		696CD7911C4707EA0071DD18 /* SPTPersistentCache.h */ = {isa = PBXFileReference; fileEncoding = 4; lastKnownFileType = sourcecode.c.h; lineEnding = 0; path = SPTPersistentCache.h; sourceTree = "<group>"; };
		696CD7931C4707EA0071DD18 /* SPTPersistentCacheOptions.h */ = {isa = PBXFileReference; fileEncoding = 4; lastKnownFileType = sourcecode.c.h; lineEnding = 0; path = SPTPersistentCacheOptions.h; sourceTree = "<group>"; };
		696CD7941C4707EA0071DD18 /* SPTPersistentCacheHeader.h */ = {isa = PBXFileReference; fileEncoding = 4; lastKnownFileType = sourcecode.c.h; path = SPTPersistentCacheHeader.h; sourceTree = "<group>"; };
		698B70531C7538B000BDBFEA /* aad0e75ab0a6828d0a9b37a68198cc9d70d84850 */ = {isa = PBXFileReference; lastKnownFileType = file; path = aad0e75ab0a6828d0a9b37a68198cc9d70d84850; sourceTree = "<group>"; };
		698B70541C7538B000BDBFEA /* ab3d97d4d7b3df5417490aa726c5a49b9ee98038 */ = {isa = PBXFileReference; lastKnownFileType = file; path = ab3d97d4d7b3df5417490aa726c5a49b9ee98038; sourceTree = "<group>"; };
		698B70551C7538B000BDBFEA /* b02c1be08c00bac5f4f1a62c6f353a24487bb024 */ = {isa = PBXFileReference; lastKnownFileType = file; path = b02c1be08c00bac5f4f1a62c6f353a24487bb024; sourceTree = "<group>"; };
		698B70561C7538B000BDBFEA /* b3e04bf446b486412a13659af71e3a333c6152f4 */ = {isa = PBXFileReference; lastKnownFileType = file; path = b3e04bf446b486412a13659af71e3a333c6152f4; sourceTree = "<group>"; };
		698B70571C7538B000BDBFEA /* b53aed36cdc67dd43b496db74843ac32fe1f64bb */ = {isa = PBXFileReference; lastKnownFileType = file; path = b53aed36cdc67dd43b496db74843ac32fe1f64bb; sourceTree = "<group>"; };
		698B70581C7538B000BDBFEA /* b91998ae68b9639cee6243df0886d69bdeb75854 */ = {isa = PBXFileReference; lastKnownFileType = file; path = b91998ae68b9639cee6243df0886d69bdeb75854; sourceTree = "<group>"; };
		698B70591C7538B000BDBFEA /* c3b19963fc076930dd36ce3968757704bbc97357 */ = {isa = PBXFileReference; lastKnownFileType = file; path = c3b19963fc076930dd36ce3968757704bbc97357; sourceTree = "<group>"; };
		698B705A1C7538B000BDBFEA /* c5aec3eef2478bfe47aef16787a6b4df31eb45f2 */ = {isa = PBXFileReference; lastKnownFileType = file; path = c5aec3eef2478bfe47aef16787a6b4df31eb45f2; sourceTree = "<group>"; };
		698B705B1C7538B000BDBFEA /* e5a1921f8f75d42412e08aff4da33e1132f7ee8a */ = {isa = PBXFileReference; lastKnownFileType = file; path = e5a1921f8f75d42412e08aff4da33e1132f7ee8a; sourceTree = "<group>"; };
		698B705C1C7538B000BDBFEA /* e5b8abdc091921d49e86687e28b74abb3139df70 */ = {isa = PBXFileReference; lastKnownFileType = file; path = e5b8abdc091921d49e86687e28b74abb3139df70; sourceTree = "<group>"; };
		698B705D1C7538B000BDBFEA /* ee678d23b8dba2997c52741e88fa7a1fdeaf2863 */ = {isa = PBXFileReference; lastKnownFileType = file; path = ee678d23b8dba2997c52741e88fa7a1fdeaf2863; sourceTree = "<group>"; };
		698B705E1C7538B000BDBFEA /* ee6b44ab07fa3937a6d37f449355b64c09677295 */ = {isa = PBXFileReference; lastKnownFileType = file; path = ee6b44ab07fa3937a6d37f449355b64c09677295; sourceTree = "<group>"; };
		698B705F1C7538B000BDBFEA /* eee9747e967c4440eb90bb812d148aa3d0056700 */ = {isa = PBXFileReference; lastKnownFileType = file; path = eee9747e967c4440eb90bb812d148aa3d0056700; sourceTree = "<group>"; };
		698B70601C7538B000BDBFEA /* f1eeb834607dcc2b01909bd740d4356f2abb4cd1 */ = {isa = PBXFileReference; lastKnownFileType = file; path = f1eeb834607dcc2b01909bd740d4356f2abb4cd1; sourceTree = "<group>"; };
		698B70611C7538B000BDBFEA /* f50512901688b79a7852999d384d097a71fad788 */ = {isa = PBXFileReference; lastKnownFileType = file; path = f50512901688b79a7852999d384d097a71fad788; sourceTree = "<group>"; };
		698B70621C7538B000BDBFEA /* f7501f27f70162a9a7da196c5d2ece3151a2d80a */ = {isa = PBXFileReference; lastKnownFileType = file; path = f7501f27f70162a9a7da196c5d2ece3151a2d80a; sourceTree = "<group>"; };
		698B70631C7538B000BDBFEA /* fc22d4f65c1ba875f6bb5ba7d35a7fd12851ed5c */ = {isa = PBXFileReference; lastKnownFileType = file; path = fc22d4f65c1ba875f6bb5ba7d35a7fd12851ed5c; sourceTree = "<group>"; };
		772B8BF01D6DE879008E7347 /* SPTPersistentCachePerformanceTests.m */ = {isa = PBXFileReference; fileEncoding = 4; lastKnownFileType = sourcecode.c.objc; path = SPTPersistentCachePerformanceTests.m; sourceTree = "<group>"; };
		9C882A801C65422700D463BB /* project.xcconfig */ = {isa = PBXFileReference; lastKnownFileType = text.xcconfig; path = project.xcconfig; sourceTree = "<group>"; };
		9C882A811C65422700D463BB /* spotify_os.xcconfig */ = {isa = PBXFileReference; lastKnownFileType = text.xcconfig; name = spotify_os.xcconfig; path = ci/spotify_os.xcconfig; sourceTree = "<group>"; };
		9C96612C1CC0FC7B00E6F04D /* SPTPersistentCacheFileManager+Private.h */ = {isa = PBXFileReference; lastKnownFileType = sourcecode.c.h; path = "SPTPersistentCacheFileManager+Private.h"; sourceTree = "<group>"; };
		9C9E706F1C78D39900E1CBE6 /* SPTPersistentCacheObjectDescription.h */ = {isa = PBXFileReference; fileEncoding = 4; lastKnownFileType = sourcecode.c.h; path = SPTPersistentCacheObjectDescription.h; sourceTree = "<group>"; };
		9C9E70701C78D39900E1CBE6 /* SPTPersistentCacheObjectDescription.m */ = {isa = PBXFileReference; fileEncoding = 4; lastKnownFileType = sourcecode.c.objc; path = SPTPersistentCacheObjectDescription.m; sourceTree = "<group>"; };
		9C9E70721C78D5AA00E1CBE6 /* SPTPersistentCacheObjectDescriptionTests.m */ = {isa = PBXFileReference; fileEncoding = 4; lastKnownFileType = sourcecode.c.objc; path = SPTPersistentCacheObjectDescriptionTests.m; sourceTree = "<group>"; };
		9C9E70741C78FD9700E1CBE6 /* SPTPersistentCacheObjectDescriptionStyleValidator.h */ = {isa = PBXFileReference; fileEncoding = 4; lastKnownFileType = sourcecode.c.h; path = SPTPersistentCacheObjectDescriptionStyleValidator.h; sourceTree = "<group>"; };
		9C9E70751C78FD9700E1CBE6 /* SPTPersistentCacheObjectDescriptionStyleValidator.m */ = {isa = PBXFileReference; fileEncoding = 4; lastKnownFileType = sourcecode.c.objc; path = SPTPersistentCacheObjectDescriptionStyleValidator.m; sourceTree = "<group>"; };
		C41237071C6A29FB00C1E9B8 /* SPTPersistentCacheGarbageCollectorTests.m */ = {isa = PBXFileReference; fileEncoding = 4; lastKnownFileType = sourcecode.c.objc; path = SPTPersistentCacheGarbageCollectorTests.m; sourceTree = "<group>"; };
		C413BA001C71CBBA002D41FB /* SPTPersistentCacheHeaderTests.m */ = {isa = PBXFileReference; fileEncoding = 4; lastKnownFileType = sourcecode.c.objc; path = SPTPersistentCacheHeaderTests.m; sourceTree = "<group>"; };
		C413BA031C71E1A0002D41FB /* NSError+SPTPersistentCacheDomainErrors.h */ = {isa = PBXFileReference; fileEncoding = 4; lastKnownFileType = sourcecode.c.h; name = "NSError+SPTPersistentCacheDomainErrors.h"; path = "Categories/NSError+SPTPersistentCacheDomainErrors.h"; sourceTree = "<group>"; };
		C413BA041C71E1A0002D41FB /* NSError+SPTPersistentCacheDomainErrors.m */ = {isa = PBXFileReference; fileEncoding = 4; lastKnownFileType = sourcecode.c.objc; name = "NSError+SPTPersistentCacheDomainErrors.m"; path = "Categories/NSError+SPTPersistentCacheDomainErrors.m"; sourceTree = "<group>"; };
		C413BA061C71E2DC002D41FB /* NSError+SPTPersistentCacheDomainErrorsTests.m */ = {isa = PBXFileReference; fileEncoding = 4; lastKnownFileType = sourcecode.c.objc; path = "NSError+SPTPersistentCacheDomainErrorsTests.m"; sourceTree = "<group>"; };
		C45526AD1C77D7ED008D5570 /* SPTPersistentCacheTypeUtilities.h */ = {isa = PBXFileReference; fileEncoding = 4; lastKnownFileType = sourcecode.c.h; path = SPTPersistentCacheTypeUtilities.h; sourceTree = "<group>"; };
		C45526AE1C77D7ED008D5570 /* SPTPersistentCacheTypeUtilities.m */ = {isa = PBXFileReference; fileEncoding = 4; lastKnownFileType = sourcecode.c.objc; path = SPTPersistentCacheTypeUtilities.m; sourceTree = "<group>"; };
		C48AE4621C74A7F800814D7D /* SPTPersistentCacheFileManager.h */ = {isa = PBXFileReference; fileEncoding = 4; lastKnownFileType = sourcecode.c.h; path = SPTPersistentCacheFileManager.h; sourceTree = "<group>"; };
		C48AE4631C74A7F800814D7D /* SPTPersistentCacheFileManager.m */ = {isa = PBXFileReference; fileEncoding = 4; lastKnownFileType = sourcecode.c.objc; path = SPTPersistentCacheFileManager.m; sourceTree = "<group>"; };
		C48AE7401C75BB8300814D7D /* SPTPersistentCacheFileManagerTests.m */ = {isa = PBXFileReference; fileEncoding = 4; lastKnownFileType = sourcecode.c.objc; path = SPTPersistentCacheFileManagerTests.m; sourceTree = "<group>"; };
		C4B4148B1C6A01970099FECD /* SPTPersistentCacheRecordTests.m */ = {isa = PBXFileReference; fileEncoding = 4; lastKnownFileType = sourcecode.c.objc; path = SPTPersistentCacheRecordTests.m; sourceTree = "<group>"; };
		C4B4148E1C6A1BED0099FECD /* SPTPersistentCacheResponseTests.m */ = {isa = PBXFileReference; fileEncoding = 4; lastKnownFileType = sourcecode.c.objc; path = SPTPersistentCacheResponseTests.m; sourceTree = "<group>"; };
		C4B414901C6A24A10099FECD /* SPTPersistentCacheOptionsTests.m */ = {isa = PBXFileReference; fileEncoding = 4; lastKnownFileType = sourcecode.c.objc; path = SPTPersistentCacheOptionsTests.m; sourceTree = "<group>"; };
		C4B98D1A1C7B5CB900E1B9A3 /* SPTPersistentCacheDebugUtilitiesTests.m */ = {isa = PBXFileReference; fileEncoding = 4; lastKnownFileType = sourcecode.c.objc; path = SPTPersistentCacheDebugUtilitiesTests.m; sourceTree = "<group>"; };
		C4EA65011C7A478100A6091A /* SPTPersistentCacheDebugUtilities.h */ = {isa = PBXFileReference; fileEncoding = 4; lastKnownFileType = sourcecode.c.h; path = SPTPersistentCacheDebugUtilities.h; sourceTree = "<group>"; };
		C4EA65021C7A478100A6091A /* SPTPersistentCacheDebugUtilities.m */ = {isa = PBXFileReference; fileEncoding = 4; lastKnownFileType = sourcecode.c.objc; path = SPTPersistentCacheDebugUtilities.m; sourceTree = "<group>"; };
/* End PBXFileReference section */

/* Begin PBXFrameworksBuildPhase section */
		0510FF101BA2FF7A00ED0766 /* Frameworks */ = {
			isa = PBXFrameworksBuildPhase;
			buildActionMask = 2147483647;
			files = (
			);
			runOnlyForDeploymentPostprocessing = 0;
		};
		0510FF1B1BA2FF7A00ED0766 /* Frameworks */ = {
			isa = PBXFrameworksBuildPhase;
			buildActionMask = 2147483647;
			files = (
				0510FF1F1BA2FF7A00ED0766 /* libSPTPersistentCache.a in Frameworks */,
			);
			runOnlyForDeploymentPostprocessing = 0;
		};
/* End PBXFrameworksBuildPhase section */

/* Begin PBXGroup section */
		050076A71C7A2B57000819B5 /* Mocks */ = {
			isa = PBXGroup;
			children = (
				050076A81C7A2B6D000819B5 /* NSFileManagerMock.h */,
				050076A91C7A2B6D000819B5 /* NSFileManagerMock.m */,
				050076AE1C7A3137000819B5 /* SPTPersistentCachePosixWrapperMock.h */,
				050076AF1C7A3137000819B5 /* SPTPersistentCachePosixWrapperMock.m */,
			);
			name = Mocks;
			sourceTree = "<group>";
		};
		0510FF0A1BA2FF7A00ED0766 = {
			isa = PBXGroup;
			children = (
				696CD78E1C4707EA0071DD18 /* API */,
				696CD7831C4707E20071DD18 /* Sources */,
				0510FF221BA2FF7A00ED0766 /* Tests */,
				0510FF141BA2FF7A00ED0766 /* Products */,
				055725EA1C65199E00EF6787 /* Supporting Files */,
				0510FF6C1BA3076300ED0766 /* Build System */,
			);
			sourceTree = "<group>";
		};
		0510FF141BA2FF7A00ED0766 /* Products */ = {
			isa = PBXGroup;
			children = (
				0510FF131BA2FF7A00ED0766 /* libSPTPersistentCache.a */,
				0510FF1E1BA2FF7A00ED0766 /* SPTPersistentCacheTests.xctest */,
			);
			name = Products;
			sourceTree = "<group>";
		};
		0510FF221BA2FF7A00ED0766 /* Tests */ = {
			isa = PBXGroup;
			children = (
				050076A71C7A2B57000819B5 /* Mocks */,
				698B70521C7538B000BDBFEA /* Resources */,
				0510FF231BA2FF7A00ED0766 /* Supporting Files */,
				C413BA061C71E2DC002D41FB /* NSError+SPTPersistentCacheDomainErrorsTests.m */,
				C4B98D1A1C7B5CB900E1B9A3 /* SPTPersistentCacheDebugUtilitiesTests.m */,
				C48AE7401C75BB8300814D7D /* SPTPersistentCacheFileManagerTests.m */,
				C41237071C6A29FB00C1E9B8 /* SPTPersistentCacheGarbageCollectorTests.m */,
				C413BA001C71CBBA002D41FB /* SPTPersistentCacheHeaderTests.m */,
				9C9E70741C78FD9700E1CBE6 /* SPTPersistentCacheObjectDescriptionStyleValidator.h */,
				9C9E70751C78FD9700E1CBE6 /* SPTPersistentCacheObjectDescriptionStyleValidator.m */,
				9C9E70721C78D5AA00E1CBE6 /* SPTPersistentCacheObjectDescriptionTests.m */,
				C4B414901C6A24A10099FECD /* SPTPersistentCacheOptionsTests.m */,
				772B8BF01D6DE879008E7347 /* SPTPersistentCachePerformanceTests.m */,
				C4B4148B1C6A01970099FECD /* SPTPersistentCacheRecordTests.m */,
				C4B4148E1C6A1BED0099FECD /* SPTPersistentCacheResponseTests.m */,
				0510FF6A1BA3073D00ED0766 /* SPTPersistentCacheTests.m */,
			);
			path = Tests;
			sourceTree = "<group>";
		};
		0510FF231BA2FF7A00ED0766 /* Supporting Files */ = {
			isa = PBXGroup;
			children = (
				0510FF241BA2FF7A00ED0766 /* Info.plist */,
			);
			name = "Supporting Files";
			sourceTree = "<group>";
		};
		0510FF6C1BA3076300ED0766 /* Build System */ = {
			isa = PBXGroup;
			children = (
				9C882A801C65422700D463BB /* project.xcconfig */,
				9C882A811C65422700D463BB /* spotify_os.xcconfig */,
				057AF8531C6E18AC00350C9F /* AppKit.framework */,
			);
			name = "Build System";
			sourceTree = "<group>";
		};
		055725EA1C65199E00EF6787 /* Supporting Files */ = {
			isa = PBXGroup;
			children = (
				055725EE1C651EF200EF6787 /* CONTRIBUTING.md */,
				055725ED1C651ED600EF6787 /* LICENSE */,
				055725EB1C6519B700EF6787 /* README.md */,
				05C0B6531DDF7F9C00DDC99A /* CHANGELOG.md */,
			);
			name = "Supporting Files";
			sourceTree = "<group>";
		};
		696CD7831C4707E20071DD18 /* Sources */ = {
			isa = PBXGroup;
			children = (
				C413BA021C71E0CF002D41FB /* Categories */,
				696CD7841C4707E20071DD18 /* crc32iso3309.c */,
				696CD7851C4707E20071DD18 /* crc32iso3309.h */,
				696CD7861C4707E20071DD18 /* SPTPersistentCache.m */,
				0595F33B1C5011E30052328B /* SPTPersistentCache+Private.h */,
				9C9E706F1C78D39900E1CBE6 /* SPTPersistentCacheObjectDescription.h */,
				9C9E70701C78D39900E1CBE6 /* SPTPersistentCacheObjectDescription.m */,
				696CD7871C4707E20071DD18 /* SPTPersistentCacheOptions.m */,
				0595F0A81C5008060052328B /* SPTPersistentCacheRecord.m */,
				0595F0AB1C5008AB0052328B /* SPTPersistentCacheRecord+Private.h */,
				0595F0AF1C5009800052328B /* SPTPersistentCacheResponse.m */,
				0595F3381C50117B0052328B /* SPTPersistentCacheGarbageCollector.h */,
				0595F3391C50117B0052328B /* SPTPersistentCacheGarbageCollector.m */,
				057AFD5A1C70F99A00350C9F /* SPTPersistentCacheHeader.m */,
				9C96612C1CC0FC7B00E6F04D /* SPTPersistentCacheFileManager+Private.h */,
				C48AE4621C74A7F800814D7D /* SPTPersistentCacheFileManager.h */,
				C48AE4631C74A7F800814D7D /* SPTPersistentCacheFileManager.m */,
				0595F0B21C500A540052328B /* SPTPersistentCacheResponse+Private.h */,
				C45526AD1C77D7ED008D5570 /* SPTPersistentCacheTypeUtilities.h */,
				C45526AE1C77D7ED008D5570 /* SPTPersistentCacheTypeUtilities.m */,
				C4EA65011C7A478100A6091A /* SPTPersistentCacheDebugUtilities.h */,
				C4EA65021C7A478100A6091A /* SPTPersistentCacheDebugUtilities.m */,
				050076AB1C7A2FF7000819B5 /* SPTPersistentCachePosixWrapper.h */,
				050076AC1C7A2FF7000819B5 /* SPTPersistentCachePosixWrapper.m */,
			);
			path = Sources;
			sourceTree = "<group>";
		};
		696CD78E1C4707EA0071DD18 /* API */ = {
			isa = PBXGroup;
			children = (
				696CD7911C4707EA0071DD18 /* SPTPersistentCache.h */,
				696CD7931C4707EA0071DD18 /* SPTPersistentCacheOptions.h */,
				696CD7941C4707EA0071DD18 /* SPTPersistentCacheHeader.h */,
				0595F0AA1C50081C0052328B /* SPTPersistentCacheRecord.h */,
				0595F0B11C5009920052328B /* SPTPersistentCacheResponse.h */,
			);
			name = API;
			path = include/SPTPersistentCache;
			sourceTree = "<group>";
		};
		698B70521C7538B000BDBFEA /* Resources */ = {
			isa = PBXGroup;
			children = (
				698B70531C7538B000BDBFEA /* aad0e75ab0a6828d0a9b37a68198cc9d70d84850 */,
				698B70541C7538B000BDBFEA /* ab3d97d4d7b3df5417490aa726c5a49b9ee98038 */,
				698B70551C7538B000BDBFEA /* b02c1be08c00bac5f4f1a62c6f353a24487bb024 */,
				698B70561C7538B000BDBFEA /* b3e04bf446b486412a13659af71e3a333c6152f4 */,
				698B70571C7538B000BDBFEA /* b53aed36cdc67dd43b496db74843ac32fe1f64bb */,
				698B70581C7538B000BDBFEA /* b91998ae68b9639cee6243df0886d69bdeb75854 */,
				698B70591C7538B000BDBFEA /* c3b19963fc076930dd36ce3968757704bbc97357 */,
				698B705A1C7538B000BDBFEA /* c5aec3eef2478bfe47aef16787a6b4df31eb45f2 */,
				698B705B1C7538B000BDBFEA /* e5a1921f8f75d42412e08aff4da33e1132f7ee8a */,
				698B705C1C7538B000BDBFEA /* e5b8abdc091921d49e86687e28b74abb3139df70 */,
				698B705D1C7538B000BDBFEA /* ee678d23b8dba2997c52741e88fa7a1fdeaf2863 */,
				698B705E1C7538B000BDBFEA /* ee6b44ab07fa3937a6d37f449355b64c09677295 */,
				698B705F1C7538B000BDBFEA /* eee9747e967c4440eb90bb812d148aa3d0056700 */,
				698B70601C7538B000BDBFEA /* f1eeb834607dcc2b01909bd740d4356f2abb4cd1 */,
				698B70611C7538B000BDBFEA /* f50512901688b79a7852999d384d097a71fad788 */,
				698B70621C7538B000BDBFEA /* f7501f27f70162a9a7da196c5d2ece3151a2d80a */,
				698B70631C7538B000BDBFEA /* fc22d4f65c1ba875f6bb5ba7d35a7fd12851ed5c */,
			);
			path = Resources;
			sourceTree = "<group>";
		};
		C413BA021C71E0CF002D41FB /* Categories */ = {
			isa = PBXGroup;
			children = (
				C413BA031C71E1A0002D41FB /* NSError+SPTPersistentCacheDomainErrors.h */,
				C413BA041C71E1A0002D41FB /* NSError+SPTPersistentCacheDomainErrors.m */,
			);
			name = Categories;
			sourceTree = "<group>";
		};
/* End PBXGroup section */

/* Begin PBXNativeTarget section */
		0510FF121BA2FF7A00ED0766 /* SPTPersistentCache */ = {
			isa = PBXNativeTarget;
			buildConfigurationList = 0510FF271BA2FF7A00ED0766 /* Build configuration list for PBXNativeTarget "SPTPersistentCache" */;
			buildPhases = (
				0510FF0F1BA2FF7A00ED0766 /* Sources */,
				0510FF101BA2FF7A00ED0766 /* Frameworks */,
				0510FF111BA2FF7A00ED0766 /* CopyFiles */,
			);
			buildRules = (
			);
			dependencies = (
			);
			name = SPTPersistentCache;
			productName = SPTPersistentCache;
			productReference = 0510FF131BA2FF7A00ED0766 /* libSPTPersistentCache.a */;
			productType = "com.apple.product-type.library.static";
		};
		0510FF1D1BA2FF7A00ED0766 /* SPTPersistentCacheTests */ = {
			isa = PBXNativeTarget;
			buildConfigurationList = 0510FF2A1BA2FF7A00ED0766 /* Build configuration list for PBXNativeTarget "SPTPersistentCacheTests" */;
			buildPhases = (
				0510FF1A1BA2FF7A00ED0766 /* Sources */,
				0510FF1B1BA2FF7A00ED0766 /* Frameworks */,
				0510FF1C1BA2FF7A00ED0766 /* Resources */,
			);
			buildRules = (
			);
			dependencies = (
				0510FF211BA2FF7A00ED0766 /* PBXTargetDependency */,
			);
			name = SPTPersistentCacheTests;
			productName = SPTPersistentCacheTests;
			productReference = 0510FF1E1BA2FF7A00ED0766 /* SPTPersistentCacheTests.xctest */;
			productType = "com.apple.product-type.bundle.unit-test";
		};
/* End PBXNativeTarget section */

/* Begin PBXProject section */
		0510FF0B1BA2FF7A00ED0766 /* Project object */ = {
			isa = PBXProject;
			attributes = {
				CLASSPREFIX = SPTPersistentCache;
				LastUpgradeCheck = 0900;
				ORGANIZATIONNAME = Spotify;
				TargetAttributes = {
					0510FF121BA2FF7A00ED0766 = {
						CreatedOnToolsVersion = 6.4;
					};
					0510FF1D1BA2FF7A00ED0766 = {
						CreatedOnToolsVersion = 6.4;
					};
				};
			};
			buildConfigurationList = 0510FF0E1BA2FF7A00ED0766 /* Build configuration list for PBXProject "SPTPersistentCache" */;
			compatibilityVersion = "Xcode 6.3";
			developmentRegion = English;
			hasScannedForEncodings = 0;
			knownRegions = (
				en,
				Base,
			);
			mainGroup = 0510FF0A1BA2FF7A00ED0766;
			productRefGroup = 0510FF141BA2FF7A00ED0766 /* Products */;
			projectDirPath = "";
			projectRoot = "";
			targets = (
				0510FF121BA2FF7A00ED0766 /* SPTPersistentCache */,
				0510FF1D1BA2FF7A00ED0766 /* SPTPersistentCacheTests */,
			);
		};
/* End PBXProject section */

/* Begin PBXResourcesBuildPhase section */
		0510FF1C1BA2FF7A00ED0766 /* Resources */ = {
			isa = PBXResourcesBuildPhase;
			buildActionMask = 2147483647;
			files = (
				698B70721C7538B000BDBFEA /* f50512901688b79a7852999d384d097a71fad788 in Resources */,
				698B70671C7538B000BDBFEA /* b3e04bf446b486412a13659af71e3a333c6152f4 in Resources */,
				698B70711C7538B000BDBFEA /* f1eeb834607dcc2b01909bd740d4356f2abb4cd1 in Resources */,
				698B70691C7538B000BDBFEA /* b91998ae68b9639cee6243df0886d69bdeb75854 in Resources */,
				698B70641C7538B000BDBFEA /* aad0e75ab0a6828d0a9b37a68198cc9d70d84850 in Resources */,
				698B706A1C7538B000BDBFEA /* c3b19963fc076930dd36ce3968757704bbc97357 in Resources */,
				698B706D1C7538B000BDBFEA /* e5b8abdc091921d49e86687e28b74abb3139df70 in Resources */,
				698B706C1C7538B000BDBFEA /* e5a1921f8f75d42412e08aff4da33e1132f7ee8a in Resources */,
				698B70701C7538B000BDBFEA /* eee9747e967c4440eb90bb812d148aa3d0056700 in Resources */,
				698B70651C7538B000BDBFEA /* ab3d97d4d7b3df5417490aa726c5a49b9ee98038 in Resources */,
				698B706E1C7538B000BDBFEA /* ee678d23b8dba2997c52741e88fa7a1fdeaf2863 in Resources */,
				698B70731C7538B000BDBFEA /* f7501f27f70162a9a7da196c5d2ece3151a2d80a in Resources */,
				698B706B1C7538B000BDBFEA /* c5aec3eef2478bfe47aef16787a6b4df31eb45f2 in Resources */,
				698B70681C7538B000BDBFEA /* b53aed36cdc67dd43b496db74843ac32fe1f64bb in Resources */,
				698B70661C7538B000BDBFEA /* b02c1be08c00bac5f4f1a62c6f353a24487bb024 in Resources */,
				698B70741C7538B000BDBFEA /* fc22d4f65c1ba875f6bb5ba7d35a7fd12851ed5c in Resources */,
				698B706F1C7538B000BDBFEA /* ee6b44ab07fa3937a6d37f449355b64c09677295 in Resources */,
			);
			runOnlyForDeploymentPostprocessing = 0;
		};
/* End PBXResourcesBuildPhase section */

/* Begin PBXSourcesBuildPhase section */
		0510FF0F1BA2FF7A00ED0766 /* Sources */ = {
			isa = PBXSourcesBuildPhase;
			buildActionMask = 2147483647;
			files = (
				C4EA65031C7A478100A6091A /* SPTPersistentCacheDebugUtilities.m in Sources */,
				C413BA051C71E1A0002D41FB /* NSError+SPTPersistentCacheDomainErrors.m in Sources */,
				C48AE4641C74A7F800814D7D /* SPTPersistentCacheFileManager.m in Sources */,
				0595F33A1C50117B0052328B /* SPTPersistentCacheGarbageCollector.m in Sources */,
				9C9E70711C78D39900E1CBE6 /* SPTPersistentCacheObjectDescription.m in Sources */,
				0595F0A91C5008060052328B /* SPTPersistentCacheRecord.m in Sources */,
				057AFD5B1C70F99A00350C9F /* SPTPersistentCacheHeader.m in Sources */,
				696CD78A1C4707E20071DD18 /* crc32iso3309.c in Sources */,
				C45526AF1C77D7ED008D5570 /* SPTPersistentCacheTypeUtilities.m in Sources */,
				050076AA1C7A2B6D000819B5 /* NSFileManagerMock.m in Sources */,
				696CD78B1C4707E20071DD18 /* SPTPersistentCache.m in Sources */,
				0595F0B01C5009800052328B /* SPTPersistentCacheResponse.m in Sources */,
				050076B01C7A3137000819B5 /* SPTPersistentCachePosixWrapperMock.m in Sources */,
				050076AD1C7A2FF7000819B5 /* SPTPersistentCachePosixWrapper.m in Sources */,
				696CD78C1C4707E20071DD18 /* SPTPersistentCacheOptions.m in Sources */,
			);
			runOnlyForDeploymentPostprocessing = 0;
		};
		0510FF1A1BA2FF7A00ED0766 /* Sources */ = {
			isa = PBXSourcesBuildPhase;
			buildActionMask = 2147483647;
			files = (
				9C9E70781C790ED900E1CBE6 /* SPTPersistentCacheRecordTests.m in Sources */,
				C4B98D1B1C7B5CB900E1B9A3 /* SPTPersistentCacheDebugUtilitiesTests.m in Sources */,
				C4B414911C6A24A10099FECD /* SPTPersistentCacheOptionsTests.m in Sources */,
				0510FF6B1BA3073D00ED0766 /* SPTPersistentCacheTests.m in Sources */,
				C413BA011C71CBBA002D41FB /* SPTPersistentCacheHeaderTests.m in Sources */,
				9C9E70761C78FD9700E1CBE6 /* SPTPersistentCacheObjectDescriptionStyleValidator.m in Sources */,
				C41237081C6A29FB00C1E9B8 /* SPTPersistentCacheGarbageCollectorTests.m in Sources */,
				C413BA071C71E2DC002D41FB /* NSError+SPTPersistentCacheDomainErrorsTests.m in Sources */,
				772B8BF11D6DE879008E7347 /* SPTPersistentCachePerformanceTests.m in Sources */,
				C4B4148F1C6A1BED0099FECD /* SPTPersistentCacheResponseTests.m in Sources */,
				C48AE7411C75BB8300814D7D /* SPTPersistentCacheFileManagerTests.m in Sources */,
				9C9E70731C78D5AA00E1CBE6 /* SPTPersistentCacheObjectDescriptionTests.m in Sources */,
			);
			runOnlyForDeploymentPostprocessing = 0;
		};
/* End PBXSourcesBuildPhase section */

/* Begin PBXTargetDependency section */
		0510FF211BA2FF7A00ED0766 /* PBXTargetDependency */ = {
			isa = PBXTargetDependency;
			target = 0510FF121BA2FF7A00ED0766 /* SPTPersistentCache */;
			targetProxy = 0510FF201BA2FF7A00ED0766 /* PBXContainerItemProxy */;
		};
/* End PBXTargetDependency section */

/* Begin XCBuildConfiguration section */
		0510FF251BA2FF7A00ED0766 /* Debug */ = {
			isa = XCBuildConfiguration;
			baseConfigurationReference = 9C882A801C65422700D463BB /* project.xcconfig */;
			buildSettings = {
				CLANG_WARN_BLOCK_CAPTURE_AUTORELEASING = YES;
				CLANG_WARN_COMMA = YES;
				CLANG_WARN_INFINITE_RECURSION = YES;
				CLANG_WARN_RANGE_LOOP_ANALYSIS = YES;
				CLANG_WARN_STRICT_PROTOTYPES = YES;
				CLANG_WARN_SUSPICIOUS_MOVE = YES;
				ENABLE_STRICT_OBJC_MSGSEND = YES;
				ENABLE_TESTABILITY = YES;
				GCC_DYNAMIC_NO_PIC = NO;
				GCC_SYMBOLS_PRIVATE_EXTERN = NO;
				HEADER_SEARCH_PATHS = (
					include,
					"$(inherited)",
				);
				MTL_ENABLE_DEBUG_INFO = YES;
				ONLY_ACTIVE_ARCH = YES;
				VALID_ARCHS = "armv7 arm64 armv7k";
			};
			name = Debug;
		};
		0510FF261BA2FF7A00ED0766 /* Release */ = {
			isa = XCBuildConfiguration;
			baseConfigurationReference = 9C882A801C65422700D463BB /* project.xcconfig */;
			buildSettings = {
				CLANG_WARN_BLOCK_CAPTURE_AUTORELEASING = YES;
				CLANG_WARN_COMMA = YES;
				CLANG_WARN_INFINITE_RECURSION = YES;
				CLANG_WARN_RANGE_LOOP_ANALYSIS = YES;
				CLANG_WARN_STRICT_PROTOTYPES = YES;
				CLANG_WARN_SUSPICIOUS_MOVE = YES;
				ENABLE_STRICT_OBJC_MSGSEND = YES;
				HEADER_SEARCH_PATHS = (
					include,
					"$(inherited)",
				);
				MTL_ENABLE_DEBUG_INFO = NO;
				VALIDATE_PRODUCT = YES;
				VALID_ARCHS = "armv7 arm64 armv7k";
			};
			name = Release;
		};
		0510FF281BA2FF7A00ED0766 /* Debug */ = {
			isa = XCBuildConfiguration;
			buildSettings = {
				COMBINE_HIDPI_IMAGES = YES;
				ONLY_ACTIVE_ARCH = NO;
				OTHER_LDFLAGS = "-ObjC";
				PRODUCT_NAME = "$(TARGET_NAME)";
				SKIP_INSTALL = YES;
			};
			name = Debug;
		};
		0510FF291BA2FF7A00ED0766 /* Release */ = {
			isa = XCBuildConfiguration;
			buildSettings = {
				COMBINE_HIDPI_IMAGES = YES;
				OTHER_LDFLAGS = "-ObjC";
				PRODUCT_NAME = "$(TARGET_NAME)";
				SKIP_INSTALL = YES;
			};
			name = Release;
		};
		0510FF2B1BA2FF7A00ED0766 /* Debug */ = {
			isa = XCBuildConfiguration;
			buildSettings = {
				"CODE_SIGN_IDENTITY[sdk=iphoneos*]" = "iPhone Developer";
				COMBINE_HIDPI_IMAGES = YES;
				INFOPLIST_FILE = Tests/Info.plist;
				OTHER_LDFLAGS = (
					"-ObjC",
					"-framework",
					UIKit,
				);
				"OTHER_LDFLAGS[sdk=macosx*]" = (
					"-ObjC",
					"-framework",
					AppKit,
				);
				PRODUCT_BUNDLE_IDENTIFIER = "com.spotify.$(PRODUCT_NAME:rfc1034identifier)";
				PRODUCT_NAME = "$(TARGET_NAME)";
				WARNING_CFLAGS = (
					"$(inherited)",
					"-Wno-partial-availability",
				);
			};
			name = Debug;
		};
		0510FF2C1BA2FF7A00ED0766 /* Release */ = {
			isa = XCBuildConfiguration;
			buildSettings = {
				"CODE_SIGN_IDENTITY[sdk=iphoneos*]" = "iPhone Developer";
				COMBINE_HIDPI_IMAGES = YES;
				INFOPLIST_FILE = Tests/Info.plist;
				OTHER_LDFLAGS = (
					"-ObjC",
					"-framework",
					UIKit,
				);
				"OTHER_LDFLAGS[sdk=macosx*]" = (
					"-ObjC",
					"-framework",
					AppKit,
				);
				PRODUCT_BUNDLE_IDENTIFIER = "com.spotify.$(PRODUCT_NAME:rfc1034identifier)";
				PRODUCT_NAME = "$(TARGET_NAME)";
				WARNING_CFLAGS = (
					"$(inherited)",
					"-Wno-partial-availability",
				);
			};
			name = Release;
		};
/* End XCBuildConfiguration section */

/* Begin XCConfigurationList section */
		0510FF0E1BA2FF7A00ED0766 /* Build configuration list for PBXProject "SPTPersistentCache" */ = {
			isa = XCConfigurationList;
			buildConfigurations = (
				0510FF251BA2FF7A00ED0766 /* Debug */,
				0510FF261BA2FF7A00ED0766 /* Release */,
			);
			defaultConfigurationIsVisible = 0;
			defaultConfigurationName = Release;
		};
		0510FF271BA2FF7A00ED0766 /* Build configuration list for PBXNativeTarget "SPTPersistentCache" */ = {
			isa = XCConfigurationList;
			buildConfigurations = (
				0510FF281BA2FF7A00ED0766 /* Debug */,
				0510FF291BA2FF7A00ED0766 /* Release */,
			);
			defaultConfigurationIsVisible = 0;
			defaultConfigurationName = Release;
		};
		0510FF2A1BA2FF7A00ED0766 /* Build configuration list for PBXNativeTarget "SPTPersistentCacheTests" */ = {
			isa = XCConfigurationList;
			buildConfigurations = (
				0510FF2B1BA2FF7A00ED0766 /* Debug */,
				0510FF2C1BA2FF7A00ED0766 /* Release */,
			);
			defaultConfigurationIsVisible = 0;
			defaultConfigurationName = Release;
		};
/* End XCConfigurationList section */
	};
	rootObject = 0510FF0B1BA2FF7A00ED0766 /* Project object */;
}
