// !$*UTF8*$!
{
	archiveVersion = 1;
	classes = {
	};
	objectVersion = 46;
	objects = {

/* Begin PBXBuildFile section */
		0A6201FE19E977EC0079D2CC /* main.m in Sources */ = {isa = PBXBuildFile; fileRef = 0A6201FD19E977EC0079D2CC /* main.m */; };
		0A62020119E977EC0079D2CC /* AppDelegate.m in Sources */ = {isa = PBXBuildFile; fileRef = 0A62020019E977EC0079D2CC /* AppDelegate.m */; };
		0A62020319E977EC0079D2CC /* Images.xcassets in Resources */ = {isa = PBXBuildFile; fileRef = 0A62020219E977EC0079D2CC /* Images.xcassets */; };
		0A62020619E977EC0079D2CC /* MainMenu.xib in Resources */ = {isa = PBXBuildFile; fileRef = 0A62020419E977EC0079D2CC /* MainMenu.xib */; };
		0A62021219E977EC0079D2CC /* PersistentCacheViewverTests.m in Sources */ = {isa = PBXBuildFile; fileRef = 0A62021119E977EC0079D2CC /* PersistentCacheViewverTests.m */; };
		0A62022219E98EC80079D2CC /* MainWindowController.m in Sources */ = {isa = PBXBuildFile; fileRef = 0A62022019E98EC80079D2CC /* MainWindowController.m */; };
		0A62022319E98EC80079D2CC /* MainWindowController.xib in Resources */ = {isa = PBXBuildFile; fileRef = 0A62022119E98EC80079D2CC /* MainWindowController.xib */; };
		0A62022A19E9A9B20079D2CC /* crc32iso3309.c in Sources */ = {isa = PBXBuildFile; fileRef = 0A62022519E9A9B20079D2CC /* crc32iso3309.c */; };
		0A62022B19E9A9B20079D2CC /* SPTPersistentDataCache.m in Sources */ = {isa = PBXBuildFile; fileRef = 0A62022819E9A9B20079D2CC /* SPTPersistentDataCache.m */; };
/* End PBXBuildFile section */

/* Begin PBXContainerItemProxy section */
		0A62020C19E977EC0079D2CC /* PBXContainerItemProxy */ = {
			isa = PBXContainerItemProxy;
			containerPortal = 0A6201F019E977EC0079D2CC /* Project object */;
			proxyType = 1;
			remoteGlobalIDString = 0A6201F719E977EC0079D2CC;
			remoteInfo = PersistentCacheViewver;
		};
/* End PBXContainerItemProxy section */

/* Begin PBXFileReference section */
		0A6201F819E977EC0079D2CC /* PersistentCacheViewver.app */ = {isa = PBXFileReference; explicitFileType = wrapper.application; includeInIndex = 0; path = PersistentCacheViewver.app; sourceTree = BUILT_PRODUCTS_DIR; };
		0A6201FC19E977EC0079D2CC /* Info.plist */ = {isa = PBXFileReference; lastKnownFileType = text.plist.xml; path = Info.plist; sourceTree = "<group>"; };
		0A6201FD19E977EC0079D2CC /* main.m */ = {isa = PBXFileReference; lastKnownFileType = sourcecode.c.objc; path = main.m; sourceTree = "<group>"; };
		0A6201FF19E977EC0079D2CC /* AppDelegate.h */ = {isa = PBXFileReference; lastKnownFileType = sourcecode.c.h; path = AppDelegate.h; sourceTree = "<group>"; };
		0A62020019E977EC0079D2CC /* AppDelegate.m */ = {isa = PBXFileReference; lastKnownFileType = sourcecode.c.objc; path = AppDelegate.m; sourceTree = "<group>"; };
		0A62020219E977EC0079D2CC /* Images.xcassets */ = {isa = PBXFileReference; lastKnownFileType = folder.assetcatalog; path = Images.xcassets; sourceTree = "<group>"; };
		0A62020519E977EC0079D2CC /* Base */ = {isa = PBXFileReference; lastKnownFileType = file.xib; name = Base; path = Base.lproj/MainMenu.xib; sourceTree = "<group>"; };
		0A62020B19E977EC0079D2CC /* PersistentCacheViewverTests.xctest */ = {isa = PBXFileReference; explicitFileType = wrapper.cfbundle; includeInIndex = 0; path = PersistentCacheViewverTests.xctest; sourceTree = BUILT_PRODUCTS_DIR; };
		0A62021019E977EC0079D2CC /* Info.plist */ = {isa = PBXFileReference; lastKnownFileType = text.plist.xml; path = Info.plist; sourceTree = "<group>"; };
		0A62021119E977EC0079D2CC /* PersistentCacheViewverTests.m */ = {isa = PBXFileReference; lastKnownFileType = sourcecode.c.objc; path = PersistentCacheViewverTests.m; sourceTree = "<group>"; };
		0A62021B19E978150079D2CC /* PersistentCacheViewver.entitlements */ = {isa = PBXFileReference; lastKnownFileType = text.xml; path = PersistentCacheViewver.entitlements; sourceTree = "<group>"; };
		0A62021F19E98EC80079D2CC /* MainWindowController.h */ = {isa = PBXFileReference; fileEncoding = 4; lastKnownFileType = sourcecode.c.h; path = MainWindowController.h; sourceTree = "<group>"; };
		0A62022019E98EC80079D2CC /* MainWindowController.m */ = {isa = PBXFileReference; fileEncoding = 4; lastKnownFileType = sourcecode.c.objc; path = MainWindowController.m; sourceTree = "<group>"; };
		0A62022119E98EC80079D2CC /* MainWindowController.xib */ = {isa = PBXFileReference; fileEncoding = 4; lastKnownFileType = file.xib; path = MainWindowController.xib; sourceTree = "<group>"; };
		0A62022519E9A9B20079D2CC /* crc32iso3309.c */ = {isa = PBXFileReference; fileEncoding = 4; lastKnownFileType = sourcecode.c.c; name = crc32iso3309.c; path = ../../sources/PersistentDataCache/crc32iso3309.c; sourceTree = "<group>"; };
		0A62022619E9A9B20079D2CC /* crc32iso3309.h */ = {isa = PBXFileReference; fileEncoding = 4; lastKnownFileType = sourcecode.c.h; name = crc32iso3309.h; path = ../../sources/PersistentDataCache/crc32iso3309.h; sourceTree = "<group>"; };
		0A62022719E9A9B20079D2CC /* SPTPersistentDataCache.h */ = {isa = PBXFileReference; fileEncoding = 4; lastKnownFileType = sourcecode.c.h; name = SPTPersistentDataCache.h; path = ../../sources/PersistentDataCache/SPTPersistentDataCache.h; sourceTree = "<group>"; };
		0A62022819E9A9B20079D2CC /* SPTPersistentDataCache.m */ = {isa = PBXFileReference; fileEncoding = 4; lastKnownFileType = sourcecode.c.objc; name = SPTPersistentDataCache.m; path = ../../sources/PersistentDataCache/SPTPersistentDataCache.m; sourceTree = "<group>"; };
		0A62022919E9A9B20079D2CC /* SPTPersistentDataHeader.h */ = {isa = PBXFileReference; fileEncoding = 4; lastKnownFileType = sourcecode.c.h; name = SPTPersistentDataHeader.h; path = ../../sources/PersistentDataCache/SPTPersistentDataHeader.h; sourceTree = "<group>"; };
/* End PBXFileReference section */

/* Begin PBXFrameworksBuildPhase section */
		0A6201F519E977EC0079D2CC /* Frameworks */ = {
			isa = PBXFrameworksBuildPhase;
			buildActionMask = 2147483647;
			files = (
			);
			runOnlyForDeploymentPostprocessing = 0;
		};
		0A62020819E977EC0079D2CC /* Frameworks */ = {
			isa = PBXFrameworksBuildPhase;
			buildActionMask = 2147483647;
			files = (
			);
			runOnlyForDeploymentPostprocessing = 0;
		};
/* End PBXFrameworksBuildPhase section */

/* Begin PBXGroup section */
		0A6201EF19E977EC0079D2CC = {
			isa = PBXGroup;
			children = (
				0A62022419E9A9900079D2CC /* PersistentCache */,
				0A6201FA19E977EC0079D2CC /* PersistentCacheViewver */,
				0A62020E19E977EC0079D2CC /* PersistentCacheViewverTests */,
				0A6201F919E977EC0079D2CC /* Products */,
			);
			sourceTree = "<group>";
		};
		0A6201F919E977EC0079D2CC /* Products */ = {
			isa = PBXGroup;
			children = (
				0A6201F819E977EC0079D2CC /* PersistentCacheViewver.app */,
				0A62020B19E977EC0079D2CC /* PersistentCacheViewverTests.xctest */,
			);
			name = Products;
			sourceTree = "<group>";
		};
		0A6201FA19E977EC0079D2CC /* PersistentCacheViewver */ = {
			isa = PBXGroup;
			children = (
				0A62021B19E978150079D2CC /* PersistentCacheViewver.entitlements */,
				0A62021F19E98EC80079D2CC /* MainWindowController.h */,
				0A62022019E98EC80079D2CC /* MainWindowController.m */,
				0A62022119E98EC80079D2CC /* MainWindowController.xib */,
				0A6201FF19E977EC0079D2CC /* AppDelegate.h */,
				0A62020019E977EC0079D2CC /* AppDelegate.m */,
				0A62020219E977EC0079D2CC /* Images.xcassets */,
				0A62020419E977EC0079D2CC /* MainMenu.xib */,
				0A6201FB19E977EC0079D2CC /* Supporting Files */,
			);
			path = PersistentCacheViewver;
			sourceTree = "<group>";
		};
		0A6201FB19E977EC0079D2CC /* Supporting Files */ = {
			isa = PBXGroup;
			children = (
				0A6201FC19E977EC0079D2CC /* Info.plist */,
				0A6201FD19E977EC0079D2CC /* main.m */,
			);
			name = "Supporting Files";
			sourceTree = "<group>";
		};
		0A62020E19E977EC0079D2CC /* PersistentCacheViewverTests */ = {
			isa = PBXGroup;
			children = (
				0A62021119E977EC0079D2CC /* PersistentCacheViewverTests.m */,
				0A62020F19E977EC0079D2CC /* Supporting Files */,
			);
			path = PersistentCacheViewverTests;
			sourceTree = "<group>";
		};
		0A62020F19E977EC0079D2CC /* Supporting Files */ = {
			isa = PBXGroup;
			children = (
				0A62021019E977EC0079D2CC /* Info.plist */,
			);
			name = "Supporting Files";
			sourceTree = "<group>";
		};
		0A62022419E9A9900079D2CC /* PersistentCache */ = {
			isa = PBXGroup;
			children = (
				0A62022519E9A9B20079D2CC /* crc32iso3309.c */,
				0A62022619E9A9B20079D2CC /* crc32iso3309.h */,
				0A62022719E9A9B20079D2CC /* SPTPersistentDataCache.h */,
				0A62022819E9A9B20079D2CC /* SPTPersistentDataCache.m */,
				0A62022919E9A9B20079D2CC /* SPTPersistentDataHeader.h */,
			);
			name = PersistentCache;
			sourceTree = "<group>";
		};
/* End PBXGroup section */

/* Begin PBXNativeTarget section */
		0A6201F719E977EC0079D2CC /* PersistentCacheViewer */ = {
			isa = PBXNativeTarget;
			buildConfigurationList = 0A62021519E977EC0079D2CC /* Build configuration list for PBXNativeTarget "PersistentCacheViewer" */;
			buildPhases = (
				0A6201F419E977EC0079D2CC /* Sources */,
				0A6201F519E977EC0079D2CC /* Frameworks */,
				0A6201F619E977EC0079D2CC /* Resources */,
			);
			buildRules = (
			);
			dependencies = (
			);
			name = PersistentCacheViewer;
			productName = PersistentCacheViewver;
			productReference = 0A6201F819E977EC0079D2CC /* PersistentCacheViewver.app */;
			productType = "com.apple.product-type.application";
		};
		0A62020A19E977EC0079D2CC /* PersistentCacheViewverTests */ = {
			isa = PBXNativeTarget;
			buildConfigurationList = 0A62021819E977EC0079D2CC /* Build configuration list for PBXNativeTarget "PersistentCacheViewverTests" */;
			buildPhases = (
				0A62020719E977EC0079D2CC /* Sources */,
				0A62020819E977EC0079D2CC /* Frameworks */,
				0A62020919E977EC0079D2CC /* Resources */,
			);
			buildRules = (
			);
			dependencies = (
				0A62020D19E977EC0079D2CC /* PBXTargetDependency */,
			);
			name = PersistentCacheViewverTests;
			productName = PersistentCacheViewverTests;
			productReference = 0A62020B19E977EC0079D2CC /* PersistentCacheViewverTests.xctest */;
			productType = "com.apple.product-type.bundle.unit-test";
		};
/* End PBXNativeTarget section */

/* Begin PBXProject section */
		0A6201F019E977EC0079D2CC /* Project object */ = {
			isa = PBXProject;
			attributes = {
				LastUpgradeCheck = 0600;
				ORGANIZATIONNAME = "Dmitry Ponomarev";
				TargetAttributes = {
					0A6201F719E977EC0079D2CC = {
						CreatedOnToolsVersion = 6.0.1;
						SystemCapabilities = {
							com.apple.ApplicationGroups.Mac = {
								enabled = 0;
							};
							com.apple.Sandbox = {
								enabled = 0;
							};
						};
					};
					0A62020A19E977EC0079D2CC = {
						CreatedOnToolsVersion = 6.0.1;
						TestTargetID = 0A6201F719E977EC0079D2CC;
					};
				};
			};
			buildConfigurationList = 0A6201F319E977EC0079D2CC /* Build configuration list for PBXProject "PersistentCacheViewver" */;
			compatibilityVersion = "Xcode 3.2";
			developmentRegion = English;
			hasScannedForEncodings = 0;
			knownRegions = (
				en,
				Base,
			);
			mainGroup = 0A6201EF19E977EC0079D2CC;
			productRefGroup = 0A6201F919E977EC0079D2CC /* Products */;
			projectDirPath = "";
			projectRoot = "";
			targets = (
				0A6201F719E977EC0079D2CC /* PersistentCacheViewer */,
				0A62020A19E977EC0079D2CC /* PersistentCacheViewverTests */,
			);
		};
/* End PBXProject section */

/* Begin PBXResourcesBuildPhase section */
		0A6201F619E977EC0079D2CC /* Resources */ = {
			isa = PBXResourcesBuildPhase;
			buildActionMask = 2147483647;
			files = (
				0A62020319E977EC0079D2CC /* Images.xcassets in Resources */,
				0A62022319E98EC80079D2CC /* MainWindowController.xib in Resources */,
				0A62020619E977EC0079D2CC /* MainMenu.xib in Resources */,
			);
			runOnlyForDeploymentPostprocessing = 0;
		};
		0A62020919E977EC0079D2CC /* Resources */ = {
			isa = PBXResourcesBuildPhase;
			buildActionMask = 2147483647;
			files = (
			);
			runOnlyForDeploymentPostprocessing = 0;
		};
/* End PBXResourcesBuildPhase section */

/* Begin PBXSourcesBuildPhase section */
		0A6201F419E977EC0079D2CC /* Sources */ = {
			isa = PBXSourcesBuildPhase;
			buildActionMask = 2147483647;
			files = (
				0A62022219E98EC80079D2CC /* MainWindowController.m in Sources */,
				0A62020119E977EC0079D2CC /* AppDelegate.m in Sources */,
				0A62022B19E9A9B20079D2CC /* SPTPersistentDataCache.m in Sources */,
				0A62022A19E9A9B20079D2CC /* crc32iso3309.c in Sources */,
				0A6201FE19E977EC0079D2CC /* main.m in Sources */,
			);
			runOnlyForDeploymentPostprocessing = 0;
		};
		0A62020719E977EC0079D2CC /* Sources */ = {
			isa = PBXSourcesBuildPhase;
			buildActionMask = 2147483647;
			files = (
				0A62021219E977EC0079D2CC /* PersistentCacheViewverTests.m in Sources */,
			);
			runOnlyForDeploymentPostprocessing = 0;
		};
/* End PBXSourcesBuildPhase section */

/* Begin PBXTargetDependency section */
		0A62020D19E977EC0079D2CC /* PBXTargetDependency */ = {
			isa = PBXTargetDependency;
			target = 0A6201F719E977EC0079D2CC /* PersistentCacheViewer */;
			targetProxy = 0A62020C19E977EC0079D2CC /* PBXContainerItemProxy */;
		};
/* End PBXTargetDependency section */

/* Begin PBXVariantGroup section */
		0A62020419E977EC0079D2CC /* MainMenu.xib */ = {
			isa = PBXVariantGroup;
			children = (
				0A62020519E977EC0079D2CC /* Base */,
			);
			name = MainMenu.xib;
			sourceTree = "<group>";
		};
/* End PBXVariantGroup section */

/* Begin XCBuildConfiguration section */
		0A62021319E977EC0079D2CC /* Debug */ = {
			isa = XCBuildConfiguration;
			buildSettings = {
				ALWAYS_SEARCH_USER_PATHS = NO;
				CLANG_CXX_LANGUAGE_STANDARD = "gnu++0x";
				CLANG_CXX_LIBRARY = "libc++";
				CLANG_ENABLE_MODULES = YES;
				CLANG_ENABLE_OBJC_ARC = YES;
				CLANG_WARN_BOOL_CONVERSION = YES;
				CLANG_WARN_CONSTANT_CONVERSION = YES;
				CLANG_WARN_DIRECT_OBJC_ISA_USAGE = YES_ERROR;
				CLANG_WARN_EMPTY_BODY = YES;
				CLANG_WARN_ENUM_CONVERSION = YES;
				CLANG_WARN_INT_CONVERSION = YES;
				CLANG_WARN_OBJC_ROOT_CLASS = YES_ERROR;
				CLANG_WARN_UNREACHABLE_CODE = YES;
				CLANG_WARN__DUPLICATE_METHOD_MATCH = YES;
				CODE_SIGN_IDENTITY = "-";
				COPY_PHASE_STRIP = NO;
				ENABLE_STRICT_OBJC_MSGSEND = YES;
				GCC_C_LANGUAGE_STANDARD = gnu99;
				GCC_DYNAMIC_NO_PIC = NO;
				GCC_OPTIMIZATION_LEVEL = 0;
				GCC_PREPROCESSOR_DEFINITIONS = (
					"DEBUG=1",
					"$(inherited)",
				);
				GCC_SYMBOLS_PRIVATE_EXTERN = NO;
				GCC_WARN_64_TO_32_BIT_CONVERSION = YES;
				GCC_WARN_ABOUT_RETURN_TYPE = YES_ERROR;
				GCC_WARN_UNDECLARED_SELECTOR = YES;
				GCC_WARN_UNINITIALIZED_AUTOS = YES_AGGRESSIVE;
				GCC_WARN_UNUSED_FUNCTION = YES;
				GCC_WARN_UNUSED_VARIABLE = YES;
				MACOSX_DEPLOYMENT_TARGET = 10.9;
				MTL_ENABLE_DEBUG_INFO = YES;
				ONLY_ACTIVE_ARCH = YES;
				SDKROOT = macosx;
			};
			name = Debug;
		};
		0A62021419E977EC0079D2CC /* Release */ = {
			isa = XCBuildConfiguration;
			buildSettings = {
				ALWAYS_SEARCH_USER_PATHS = NO;
				CLANG_CXX_LANGUAGE_STANDARD = "gnu++0x";
				CLANG_CXX_LIBRARY = "libc++";
				CLANG_ENABLE_MODULES = YES;
				CLANG_ENABLE_OBJC_ARC = YES;
				CLANG_WARN_BOOL_CONVERSION = YES;
				CLANG_WARN_CONSTANT_CONVERSION = YES;
				CLANG_WARN_DIRECT_OBJC_ISA_USAGE = YES_ERROR;
				CLANG_WARN_EMPTY_BODY = YES;
				CLANG_WARN_ENUM_CONVERSION = YES;
				CLANG_WARN_INT_CONVERSION = YES;
				CLANG_WARN_OBJC_ROOT_CLASS = YES_ERROR;
				CLANG_WARN_UNREACHABLE_CODE = YES;
				CLANG_WARN__DUPLICATE_METHOD_MATCH = YES;
				CODE_SIGN_IDENTITY = "-";
				COPY_PHASE_STRIP = YES;
				DEBUG_INFORMATION_FORMAT = "dwarf-with-dsym";
				ENABLE_NS_ASSERTIONS = NO;
				ENABLE_STRICT_OBJC_MSGSEND = YES;
				GCC_C_LANGUAGE_STANDARD = gnu99;
				GCC_WARN_64_TO_32_BIT_CONVERSION = YES;
				GCC_WARN_ABOUT_RETURN_TYPE = YES_ERROR;
				GCC_WARN_UNDECLARED_SELECTOR = YES;
				GCC_WARN_UNINITIALIZED_AUTOS = YES_AGGRESSIVE;
				GCC_WARN_UNUSED_FUNCTION = YES;
				GCC_WARN_UNUSED_VARIABLE = YES;
				MACOSX_DEPLOYMENT_TARGET = 10.9;
				MTL_ENABLE_DEBUG_INFO = NO;
				SDKROOT = macosx;
			};
			name = Release;
		};
		0A62021619E977EC0079D2CC /* Debug */ = {
			isa = XCBuildConfiguration;
			buildSettings = {
				ASSETCATALOG_COMPILER_APPICON_NAME = AppIcon;
				COMBINE_HIDPI_IMAGES = YES;
				HEADER_SEARCH_PATHS = (
					"$(inherited)",
					/Applications/Xcode.app/Contents/Developer/Toolchains/XcodeDefault.xctoolchain/usr/include,
					"$(SRCROOT)/../../sources/PersistentDataCache",
				);
				INFOPLIST_FILE = PersistentCacheViewver/Info.plist;
				LD_RUNPATH_SEARCH_PATHS = "$(inherited) @executable_path/../Frameworks";
				PRODUCT_NAME = "$(TARGET_NAME)";
			};
			name = Debug;
		};
		0A62021719E977EC0079D2CC /* Release */ = {
			isa = XCBuildConfiguration;
			buildSettings = {
				ASSETCATALOG_COMPILER_APPICON_NAME = AppIcon;
				COMBINE_HIDPI_IMAGES = YES;
				HEADER_SEARCH_PATHS = (
					"$(inherited)",
					/Applications/Xcode.app/Contents/Developer/Toolchains/XcodeDefault.xctoolchain/usr/include,
					"$(SRCROOT)/../../sources/PersistentDataCache",
				);
				INFOPLIST_FILE = PersistentCacheViewver/Info.plist;
				LD_RUNPATH_SEARCH_PATHS = "$(inherited) @executable_path/../Frameworks";
				PRODUCT_NAME = "$(TARGET_NAME)";
			};
			name = Release;
		};
		0A62021919E977EC0079D2CC /* Debug */ = {
			isa = XCBuildConfiguration;
			buildSettings = {
				BUNDLE_LOADER = "$(TEST_HOST)";
				COMBINE_HIDPI_IMAGES = YES;
				FRAMEWORK_SEARCH_PATHS = (
					"$(DEVELOPER_FRAMEWORKS_DIR)",
					"$(inherited)",
				);
				GCC_PREPROCESSOR_DEFINITIONS = (
					"DEBUG=1",
					"$(inherited)",
				);
				INFOPLIST_FILE = PersistentCacheViewverTests/Info.plist;
				LD_RUNPATH_SEARCH_PATHS = "$(inherited) @executable_path/../Frameworks @loader_path/../Frameworks";
				PRODUCT_NAME = "$(TARGET_NAME)";
				TEST_HOST = "$(BUILT_PRODUCTS_DIR)/PersistentCacheViewver.app/Contents/MacOS/PersistentCacheViewver";
			};
			name = Debug;
		};
		0A62021A19E977EC0079D2CC /* Release */ = {
			isa = XCBuildConfiguration;
			buildSettings = {
				BUNDLE_LOADER = "$(TEST_HOST)";
				COMBINE_HIDPI_IMAGES = YES;
				FRAMEWORK_SEARCH_PATHS = (
					"$(DEVELOPER_FRAMEWORKS_DIR)",
					"$(inherited)",
				);
				INFOPLIST_FILE = PersistentCacheViewverTests/Info.plist;
				LD_RUNPATH_SEARCH_PATHS = "$(inherited) @executable_path/../Frameworks @loader_path/../Frameworks";
				PRODUCT_NAME = "$(TARGET_NAME)";
				TEST_HOST = "$(BUILT_PRODUCTS_DIR)/PersistentCacheViewver.app/Contents/MacOS/PersistentCacheViewver";
			};
			name = Release;
		};
/* End XCBuildConfiguration section */

/* Begin XCConfigurationList section */
		0A6201F319E977EC0079D2CC /* Build configuration list for PBXProject "PersistentCacheViewver" */ = {
			isa = XCConfigurationList;
			buildConfigurations = (
				0A62021319E977EC0079D2CC /* Debug */,
				0A62021419E977EC0079D2CC /* Release */,
			);
			defaultConfigurationIsVisible = 0;
			defaultConfigurationName = Release;
		};
		0A62021519E977EC0079D2CC /* Build configuration list for PBXNativeTarget "PersistentCacheViewer" */ = {
			isa = XCConfigurationList;
			buildConfigurations = (
				0A62021619E977EC0079D2CC /* Debug */,
				0A62021719E977EC0079D2CC /* Release */,
			);
			defaultConfigurationIsVisible = 0;
			defaultConfigurationName = Release;
		};
		0A62021819E977EC0079D2CC /* Build configuration list for PBXNativeTarget "PersistentCacheViewverTests" */ = {
			isa = XCConfigurationList;
			buildConfigurations = (
				0A62021919E977EC0079D2CC /* Debug */,
				0A62021A19E977EC0079D2CC /* Release */,
			);
			defaultConfigurationIsVisible = 0;
			defaultConfigurationName = Release;
		};
/* End XCConfigurationList section */
	};
	rootObject = 0A6201F019E977EC0079D2CC /* Project object */;
}
