// !$*UTF8*$!
{
	archiveVersion = 1;
	classes = {
	};
	objectVersion = 47;
	objects = {

/* Begin PBXBuildFile section */
		050076B31C7A4354000819B5 /* SPTPersistentCachePosixWrapper.h in Headers */ = {isa = PBXBuildFile; fileRef = 050076B11C7A4354000819B5 /* SPTPersistentCachePosixWrapper.h */; };
		050076B41C7A4354000819B5 /* SPTPersistentCachePosixWrapper.m in Sources */ = {isa = PBXBuildFile; fileRef = 050076B21C7A4354000819B5 /* SPTPersistentCachePosixWrapper.m */; };
		050076B51C7A4DC7000819B5 /* SPTPersistentCachePosixWrapper.m in Sources */ = {isa = PBXBuildFile; fileRef = 050076B21C7A4354000819B5 /* SPTPersistentCachePosixWrapper.m */; };
		9C9E707B1C790F0B00E1CBE6 /* SPTPersistentCacheObjectDescription.m in Sources */ = {isa = PBXBuildFile; fileRef = 9C9E70791C790F0B00E1CBE6 /* SPTPersistentCacheObjectDescription.m */; };
		9C9E707C1C790F0B00E1CBE6 /* SPTPersistentCacheObjectDescription.h in Headers */ = {isa = PBXBuildFile; fileRef = 9C9E707A1C790F0B00E1CBE6 /* SPTPersistentCacheObjectDescription.h */; };
		9C9E707D1C790F3700E1CBE6 /* SPTPersistentCacheObjectDescription.m in Sources */ = {isa = PBXBuildFile; fileRef = 9C9E70791C790F0B00E1CBE6 /* SPTPersistentCacheObjectDescription.m */; };
		9C9E707E1C790F3B00E1CBE6 /* SPTPersistentCacheObjectDescription.h in Headers */ = {isa = PBXBuildFile; fileRef = 9C9E707A1C790F0B00E1CBE6 /* SPTPersistentCacheObjectDescription.h */; };
		C45526B41C77DCCC008D5570 /* SPTPersistentCacheTypeUtilities.h in Headers */ = {isa = PBXBuildFile; fileRef = C45526B21C77DCCC008D5570 /* SPTPersistentCacheTypeUtilities.h */; };
		C45526B51C77DCCC008D5570 /* SPTPersistentCacheTypeUtilities.h in Headers */ = {isa = PBXBuildFile; fileRef = C45526B21C77DCCC008D5570 /* SPTPersistentCacheTypeUtilities.h */; };
		C45526B61C77DCCC008D5570 /* SPTPersistentCacheTypeUtilities.m in Sources */ = {isa = PBXBuildFile; fileRef = C45526B31C77DCCC008D5570 /* SPTPersistentCacheTypeUtilities.m */; };
		C45526B71C77DCCC008D5570 /* SPTPersistentCacheTypeUtilities.m in Sources */ = {isa = PBXBuildFile; fileRef = C45526B31C77DCCC008D5570 /* SPTPersistentCacheTypeUtilities.m */; };
		C4EA65061C7A547000A6091A /* SPTPersistentCacheDebugUtilities.h in Headers */ = {isa = PBXBuildFile; fileRef = C4EA65041C7A547000A6091A /* SPTPersistentCacheDebugUtilities.h */; };
		C4EA65071C7A547000A6091A /* SPTPersistentCacheDebugUtilities.h in Headers */ = {isa = PBXBuildFile; fileRef = C4EA65041C7A547000A6091A /* SPTPersistentCacheDebugUtilities.h */; };
		C4EA65081C7A547000A6091A /* SPTPersistentCacheDebugUtilities.m in Sources */ = {isa = PBXBuildFile; fileRef = C4EA65051C7A547000A6091A /* SPTPersistentCacheDebugUtilities.m */; };
		C4EA65091C7A547000A6091A /* SPTPersistentCacheDebugUtilities.m in Sources */ = {isa = PBXBuildFile; fileRef = C4EA65051C7A547000A6091A /* SPTPersistentCacheDebugUtilities.m */; };
		DD1D237F1C77857900D0477A /* SPTPersistentCache.h in Headers */ = {isa = PBXBuildFile; fileRef = DD1D23791C77857900D0477A /* SPTPersistentCache.h */; settings = {ATTRIBUTES = (Public, ); }; };
		DD1D23801C77857900D0477A /* SPTPersistentCacheHeader.h in Headers */ = {isa = PBXBuildFile; fileRef = DD1D237A1C77857900D0477A /* SPTPersistentCacheHeader.h */; settings = {ATTRIBUTES = (Public, ); }; };
		DD1D23811C77857900D0477A /* SPTPersistentCacheOptions.h in Headers */ = {isa = PBXBuildFile; fileRef = DD1D237B1C77857900D0477A /* SPTPersistentCacheOptions.h */; settings = {ATTRIBUTES = (Public, ); }; };
		DD1D23821C77857900D0477A /* SPTPersistentCacheRecord.h in Headers */ = {isa = PBXBuildFile; fileRef = DD1D237C1C77857900D0477A /* SPTPersistentCacheRecord.h */; settings = {ATTRIBUTES = (Public, ); }; };
		DD1D23831C77857900D0477A /* SPTPersistentCacheResponse.h in Headers */ = {isa = PBXBuildFile; fileRef = DD1D237D1C77857900D0477A /* SPTPersistentCacheResponse.h */; settings = {ATTRIBUTES = (Public, ); }; };
		DD1D23851C77857E00D0477A /* SPTPersistentCache.h in Headers */ = {isa = PBXBuildFile; fileRef = DD1D23791C77857900D0477A /* SPTPersistentCache.h */; settings = {ATTRIBUTES = (Public, ); }; };
		DD1D23861C77857E00D0477A /* SPTPersistentCacheHeader.h in Headers */ = {isa = PBXBuildFile; fileRef = DD1D237A1C77857900D0477A /* SPTPersistentCacheHeader.h */; settings = {ATTRIBUTES = (Public, ); }; };
		DD1D23871C77857E00D0477A /* SPTPersistentCacheOptions.h in Headers */ = {isa = PBXBuildFile; fileRef = DD1D237B1C77857900D0477A /* SPTPersistentCacheOptions.h */; settings = {ATTRIBUTES = (Public, ); }; };
		DD1D23881C77857E00D0477A /* SPTPersistentCacheRecord.h in Headers */ = {isa = PBXBuildFile; fileRef = DD1D237C1C77857900D0477A /* SPTPersistentCacheRecord.h */; settings = {ATTRIBUTES = (Public, ); }; };
		DD1D23891C77857E00D0477A /* SPTPersistentCacheResponse.h in Headers */ = {isa = PBXBuildFile; fileRef = DD1D237D1C77857900D0477A /* SPTPersistentCacheResponse.h */; settings = {ATTRIBUTES = (Public, ); }; };
		DD1D239E1C7785A900D0477A /* NSError+SPTPersistentCacheDomainErrors.h in Headers */ = {isa = PBXBuildFile; fileRef = DD1D238C1C7785A900D0477A /* NSError+SPTPersistentCacheDomainErrors.h */; };
		DD1D239F1C7785A900D0477A /* NSError+SPTPersistentCacheDomainErrors.m in Sources */ = {isa = PBXBuildFile; fileRef = DD1D238D1C7785A900D0477A /* NSError+SPTPersistentCacheDomainErrors.m */; };
		DD1D23A21C7785A900D0477A /* crc32iso3309.c in Sources */ = {isa = PBXBuildFile; fileRef = DD1D23901C7785A900D0477A /* crc32iso3309.c */; };
		DD1D23A31C7785A900D0477A /* crc32iso3309.h in Headers */ = {isa = PBXBuildFile; fileRef = DD1D23911C7785A900D0477A /* crc32iso3309.h */; };
		DD1D23A41C7785A900D0477A /* SPTPersistentCache.m in Sources */ = {isa = PBXBuildFile; fileRef = DD1D23921C7785A900D0477A /* SPTPersistentCache.m */; };
		DD1D23A51C7785A900D0477A /* SPTPersistentCache+Private.h in Headers */ = {isa = PBXBuildFile; fileRef = DD1D23931C7785A900D0477A /* SPTPersistentCache+Private.h */; };
		DD1D23A61C7785A900D0477A /* SPTPersistentCacheFileManager.h in Headers */ = {isa = PBXBuildFile; fileRef = DD1D23941C7785A900D0477A /* SPTPersistentCacheFileManager.h */; };
		DD1D23A71C7785A900D0477A /* SPTPersistentCacheFileManager.m in Sources */ = {isa = PBXBuildFile; fileRef = DD1D23951C7785A900D0477A /* SPTPersistentCacheFileManager.m */; };
		DD1D23A81C7785A900D0477A /* SPTPersistentCacheHeader.m in Sources */ = {isa = PBXBuildFile; fileRef = DD1D23961C7785A900D0477A /* SPTPersistentCacheHeader.m */; };
		DD1D23A91C7785A900D0477A /* SPTPersistentCacheOptions.m in Sources */ = {isa = PBXBuildFile; fileRef = DD1D23971C7785A900D0477A /* SPTPersistentCacheOptions.m */; };
		DD1D23AA1C7785A900D0477A /* SPTPersistentCacheRecord.m in Sources */ = {isa = PBXBuildFile; fileRef = DD1D23981C7785A900D0477A /* SPTPersistentCacheRecord.m */; };
		DD1D23AB1C7785A900D0477A /* SPTPersistentCacheRecord+Private.h in Headers */ = {isa = PBXBuildFile; fileRef = DD1D23991C7785A900D0477A /* SPTPersistentCacheRecord+Private.h */; };
		DD1D23AC1C7785A900D0477A /* SPTPersistentCacheResponse.m in Sources */ = {isa = PBXBuildFile; fileRef = DD1D239A1C7785A900D0477A /* SPTPersistentCacheResponse.m */; };
		DD1D23AD1C7785A900D0477A /* SPTPersistentCacheResponse+Private.h in Headers */ = {isa = PBXBuildFile; fileRef = DD1D239B1C7785A900D0477A /* SPTPersistentCacheResponse+Private.h */; };
		DD1D23AE1C7785A900D0477A /* SPTPersistentCacheGarbageCollector.h in Headers */ = {isa = PBXBuildFile; fileRef = DD1D239C1C7785A900D0477A /* SPTPersistentCacheGarbageCollector.h */; };
		DD1D23AF1C7785A900D0477A /* SPTPersistentCacheGarbageCollector.m in Sources */ = {isa = PBXBuildFile; fileRef = DD1D239D1C7785A900D0477A /* SPTPersistentCacheGarbageCollector.m */; };
		DD1D23B21C7785AE00D0477A /* crc32iso3309.c in Sources */ = {isa = PBXBuildFile; fileRef = DD1D23901C7785A900D0477A /* crc32iso3309.c */; };
		DD1D23B31C7785AE00D0477A /* crc32iso3309.h in Headers */ = {isa = PBXBuildFile; fileRef = DD1D23911C7785A900D0477A /* crc32iso3309.h */; };
		DD1D23B41C7785AE00D0477A /* SPTPersistentCache.m in Sources */ = {isa = PBXBuildFile; fileRef = DD1D23921C7785A900D0477A /* SPTPersistentCache.m */; };
		DD1D23B51C7785AE00D0477A /* SPTPersistentCache+Private.h in Headers */ = {isa = PBXBuildFile; fileRef = DD1D23931C7785A900D0477A /* SPTPersistentCache+Private.h */; };
		DD1D23B61C7785AE00D0477A /* SPTPersistentCacheFileManager.h in Headers */ = {isa = PBXBuildFile; fileRef = DD1D23941C7785A900D0477A /* SPTPersistentCacheFileManager.h */; };
		DD1D23B71C7785AE00D0477A /* SPTPersistentCacheFileManager.m in Sources */ = {isa = PBXBuildFile; fileRef = DD1D23951C7785A900D0477A /* SPTPersistentCacheFileManager.m */; };
		DD1D23B81C7785AE00D0477A /* SPTPersistentCacheHeader.m in Sources */ = {isa = PBXBuildFile; fileRef = DD1D23961C7785A900D0477A /* SPTPersistentCacheHeader.m */; };
		DD1D23B91C7785AE00D0477A /* SPTPersistentCacheOptions.m in Sources */ = {isa = PBXBuildFile; fileRef = DD1D23971C7785A900D0477A /* SPTPersistentCacheOptions.m */; };
		DD1D23BA1C7785AE00D0477A /* SPTPersistentCacheRecord.m in Sources */ = {isa = PBXBuildFile; fileRef = DD1D23981C7785A900D0477A /* SPTPersistentCacheRecord.m */; };
		DD1D23BB1C7785AE00D0477A /* SPTPersistentCacheRecord+Private.h in Headers */ = {isa = PBXBuildFile; fileRef = DD1D23991C7785A900D0477A /* SPTPersistentCacheRecord+Private.h */; };
		DD1D23BC1C7785AE00D0477A /* SPTPersistentCacheResponse.m in Sources */ = {isa = PBXBuildFile; fileRef = DD1D239A1C7785A900D0477A /* SPTPersistentCacheResponse.m */; };
		DD1D23BD1C7785AE00D0477A /* SPTPersistentCacheResponse+Private.h in Headers */ = {isa = PBXBuildFile; fileRef = DD1D239B1C7785A900D0477A /* SPTPersistentCacheResponse+Private.h */; };
		DD1D23BE1C7785AE00D0477A /* SPTPersistentCacheGarbageCollector.h in Headers */ = {isa = PBXBuildFile; fileRef = DD1D239C1C7785A900D0477A /* SPTPersistentCacheGarbageCollector.h */; };
		DD1D23BF1C7785AE00D0477A /* SPTPersistentCacheGarbageCollector.m in Sources */ = {isa = PBXBuildFile; fileRef = DD1D239D1C7785A900D0477A /* SPTPersistentCacheGarbageCollector.m */; };
/* End PBXBuildFile section */

/* Begin PBXFileReference section */
		050076B11C7A4354000819B5 /* SPTPersistentCachePosixWrapper.h */ = {isa = PBXFileReference; fileEncoding = 4; lastKnownFileType = sourcecode.c.h; path = SPTPersistentCachePosixWrapper.h; sourceTree = "<group>"; };
		050076B21C7A4354000819B5 /* SPTPersistentCachePosixWrapper.m */ = {isa = PBXFileReference; fileEncoding = 4; lastKnownFileType = sourcecode.c.objc; path = SPTPersistentCachePosixWrapper.m; sourceTree = "<group>"; };
		0520219C1C737DBE003A4FB4 /* SPTPersistentCache.framework */ = {isa = PBXFileReference; explicitFileType = wrapper.framework; includeInIndex = 0; path = SPTPersistentCache.framework; sourceTree = BUILT_PRODUCTS_DIR; };
		052021F21C738048003A4FB4 /* SPTPersistentCache.framework */ = {isa = PBXFileReference; explicitFileType = wrapper.framework; includeInIndex = 0; path = SPTPersistentCache.framework; sourceTree = BUILT_PRODUCTS_DIR; };
		052021FB1C7382C6003A4FB4 /* Info.plist */ = {isa = PBXFileReference; fileEncoding = 4; lastKnownFileType = text.plist.xml; path = Info.plist; sourceTree = "<group>"; };
		052022061C738600003A4FB4 /* project.xcconfig */ = {isa = PBXFileReference; fileEncoding = 4; lastKnownFileType = text.xcconfig; name = project.xcconfig; path = ../project.xcconfig; sourceTree = "<group>"; };
		052022091C738637003A4FB4 /* spotify_os.xcconfig */ = {isa = PBXFileReference; fileEncoding = 4; lastKnownFileType = text.xcconfig; name = spotify_os.xcconfig; path = ../spotify_os.xcconfig; sourceTree = "<group>"; };
		9C9E70791C790F0B00E1CBE6 /* SPTPersistentCacheObjectDescription.m */ = {isa = PBXFileReference; fileEncoding = 4; lastKnownFileType = sourcecode.c.objc; path = SPTPersistentCacheObjectDescription.m; sourceTree = "<group>"; };
		9C9E707A1C790F0B00E1CBE6 /* SPTPersistentCacheObjectDescription.h */ = {isa = PBXFileReference; fileEncoding = 4; lastKnownFileType = sourcecode.c.h; path = SPTPersistentCacheObjectDescription.h; sourceTree = "<group>"; };
		C45526B21C77DCCC008D5570 /* SPTPersistentCacheTypeUtilities.h */ = {isa = PBXFileReference; fileEncoding = 4; lastKnownFileType = sourcecode.c.h; path = SPTPersistentCacheTypeUtilities.h; sourceTree = "<group>"; };
		C45526B31C77DCCC008D5570 /* SPTPersistentCacheTypeUtilities.m */ = {isa = PBXFileReference; fileEncoding = 4; lastKnownFileType = sourcecode.c.objc; path = SPTPersistentCacheTypeUtilities.m; sourceTree = "<group>"; };
		C4EA65041C7A547000A6091A /* SPTPersistentCacheDebugUtilities.h */ = {isa = PBXFileReference; fileEncoding = 4; lastKnownFileType = sourcecode.c.h; path = SPTPersistentCacheDebugUtilities.h; sourceTree = "<group>"; };
		C4EA65051C7A547000A6091A /* SPTPersistentCacheDebugUtilities.m */ = {isa = PBXFileReference; fileEncoding = 4; lastKnownFileType = sourcecode.c.objc; path = SPTPersistentCacheDebugUtilities.m; sourceTree = "<group>"; };
		DD1D23791C77857900D0477A /* SPTPersistentCache.h */ = {isa = PBXFileReference; fileEncoding = 4; lastKnownFileType = sourcecode.c.h; lineEnding = 0; path = SPTPersistentCache.h; sourceTree = "<group>"; };
		DD1D237A1C77857900D0477A /* SPTPersistentCacheHeader.h */ = {isa = PBXFileReference; fileEncoding = 4; lastKnownFileType = sourcecode.c.h; path = SPTPersistentCacheHeader.h; sourceTree = "<group>"; };
		DD1D237B1C77857900D0477A /* SPTPersistentCacheOptions.h */ = {isa = PBXFileReference; fileEncoding = 4; lastKnownFileType = sourcecode.c.h; lineEnding = 0; path = SPTPersistentCacheOptions.h; sourceTree = "<group>"; };
		DD1D237C1C77857900D0477A /* SPTPersistentCacheRecord.h */ = {isa = PBXFileReference; fileEncoding = 4; lastKnownFileType = sourcecode.c.h; path = SPTPersistentCacheRecord.h; sourceTree = "<group>"; };
		DD1D237D1C77857900D0477A /* SPTPersistentCacheResponse.h */ = {isa = PBXFileReference; fileEncoding = 4; lastKnownFileType = sourcecode.c.h; path = SPTPersistentCacheResponse.h; sourceTree = "<group>"; };
		DD1D238C1C7785A900D0477A /* NSError+SPTPersistentCacheDomainErrors.h */ = {isa = PBXFileReference; fileEncoding = 4; lastKnownFileType = sourcecode.c.h; path = "NSError+SPTPersistentCacheDomainErrors.h"; sourceTree = "<group>"; };
		DD1D238D1C7785A900D0477A /* NSError+SPTPersistentCacheDomainErrors.m */ = {isa = PBXFileReference; fileEncoding = 4; lastKnownFileType = sourcecode.c.objc; path = "NSError+SPTPersistentCacheDomainErrors.m"; sourceTree = "<group>"; };
		DD1D23901C7785A900D0477A /* crc32iso3309.c */ = {isa = PBXFileReference; fileEncoding = 4; lastKnownFileType = sourcecode.c.c; path = crc32iso3309.c; sourceTree = "<group>"; };
		DD1D23911C7785A900D0477A /* crc32iso3309.h */ = {isa = PBXFileReference; fileEncoding = 4; lastKnownFileType = sourcecode.c.h; path = crc32iso3309.h; sourceTree = "<group>"; };
		DD1D23921C7785A900D0477A /* SPTPersistentCache.m */ = {isa = PBXFileReference; fileEncoding = 4; lastKnownFileType = sourcecode.c.objc; path = SPTPersistentCache.m; sourceTree = "<group>"; };
		DD1D23931C7785A900D0477A /* SPTPersistentCache+Private.h */ = {isa = PBXFileReference; fileEncoding = 4; lastKnownFileType = sourcecode.c.h; path = "SPTPersistentCache+Private.h"; sourceTree = "<group>"; };
		DD1D23941C7785A900D0477A /* SPTPersistentCacheFileManager.h */ = {isa = PBXFileReference; fileEncoding = 4; lastKnownFileType = sourcecode.c.h; path = SPTPersistentCacheFileManager.h; sourceTree = "<group>"; };
		DD1D23951C7785A900D0477A /* SPTPersistentCacheFileManager.m */ = {isa = PBXFileReference; fileEncoding = 4; lastKnownFileType = sourcecode.c.objc; path = SPTPersistentCacheFileManager.m; sourceTree = "<group>"; };
		DD1D23961C7785A900D0477A /* SPTPersistentCacheHeader.m */ = {isa = PBXFileReference; fileEncoding = 4; lastKnownFileType = sourcecode.c.objc; path = SPTPersistentCacheHeader.m; sourceTree = "<group>"; };
		DD1D23971C7785A900D0477A /* SPTPersistentCacheOptions.m */ = {isa = PBXFileReference; fileEncoding = 4; lastKnownFileType = sourcecode.c.objc; lineEnding = 0; path = SPTPersistentCacheOptions.m; sourceTree = "<group>"; xcLanguageSpecificationIdentifier = xcode.lang.objc; };
		DD1D23981C7785A900D0477A /* SPTPersistentCacheRecord.m */ = {isa = PBXFileReference; fileEncoding = 4; lastKnownFileType = sourcecode.c.objc; path = SPTPersistentCacheRecord.m; sourceTree = "<group>"; };
		DD1D23991C7785A900D0477A /* SPTPersistentCacheRecord+Private.h */ = {isa = PBXFileReference; fileEncoding = 4; lastKnownFileType = sourcecode.c.h; path = "SPTPersistentCacheRecord+Private.h"; sourceTree = "<group>"; };
		DD1D239A1C7785A900D0477A /* SPTPersistentCacheResponse.m */ = {isa = PBXFileReference; fileEncoding = 4; lastKnownFileType = sourcecode.c.objc; path = SPTPersistentCacheResponse.m; sourceTree = "<group>"; };
		DD1D239B1C7785A900D0477A /* SPTPersistentCacheResponse+Private.h */ = {isa = PBXFileReference; fileEncoding = 4; lastKnownFileType = sourcecode.c.h; path = "SPTPersistentCacheResponse+Private.h"; sourceTree = "<group>"; };
		DD1D239C1C7785A900D0477A /* SPTPersistentCacheGarbageCollector.h */ = {isa = PBXFileReference; fileEncoding = 4; lastKnownFileType = sourcecode.c.h; path = SPTPersistentCacheGarbageCollector.h; sourceTree = "<group>"; };
		DD1D239D1C7785A900D0477A /* SPTPersistentCacheGarbageCollector.m */ = {isa = PBXFileReference; fileEncoding = 4; lastKnownFileType = sourcecode.c.objc; path = SPTPersistentCacheGarbageCollector.m; sourceTree = "<group>"; };
/* End PBXFileReference section */

/* Begin PBXFrameworksBuildPhase section */
		052021981C737DBE003A4FB4 /* Frameworks */ = {
			isa = PBXFrameworksBuildPhase;
			buildActionMask = 2147483647;
			files = (
			);
			runOnlyForDeploymentPostprocessing = 0;
		};
		052021EE1C738048003A4FB4 /* Frameworks */ = {
			isa = PBXFrameworksBuildPhase;
			buildActionMask = 2147483647;
			files = (
			);
			runOnlyForDeploymentPostprocessing = 0;
		};
/* End PBXFrameworksBuildPhase section */

/* Begin PBXGroup section */
		052021921C737DBD003A4FB4 = {
			isa = PBXGroup;
			children = (
				052021A81C737E1E003A4FB4 /* API */,
				052021B61C737E3E003A4FB4 /* Sources */,
				052021FA1C7382B5003A4FB4 /* Supporting Files */,
				0520219D1C737DBE003A4FB4 /* Products */,
			);
			sourceTree = "<group>";
		};
		0520219D1C737DBE003A4FB4 /* Products */ = {
			isa = PBXGroup;
			children = (
				0520219C1C737DBE003A4FB4 /* SPTPersistentCache.framework */,
				052021F21C738048003A4FB4 /* SPTPersistentCache.framework */,
			);
			name = Products;
			sourceTree = "<group>";
		};
		052021A81C737E1E003A4FB4 /* API */ = {
			isa = PBXGroup;
			children = (
				DD1D23791C77857900D0477A /* SPTPersistentCache.h */,
				DD1D237A1C77857900D0477A /* SPTPersistentCacheHeader.h */,
				DD1D237B1C77857900D0477A /* SPTPersistentCacheOptions.h */,
				DD1D237C1C77857900D0477A /* SPTPersistentCacheRecord.h */,
				DD1D237D1C77857900D0477A /* SPTPersistentCacheResponse.h */,
			);
			name = API;
			path = ../include/SPTPersistentCache;
			sourceTree = "<group>";
		};
		052021B61C737E3E003A4FB4 /* Sources */ = {
			isa = PBXGroup;
			children = (
				DD1D238B1C7785A900D0477A /* Categories */,
				DD1D23901C7785A900D0477A /* crc32iso3309.c */,
				DD1D23911C7785A900D0477A /* crc32iso3309.h */,
				DD1D23921C7785A900D0477A /* SPTPersistentCache.m */,
				DD1D23931C7785A900D0477A /* SPTPersistentCache+Private.h */,
				DD1D23941C7785A900D0477A /* SPTPersistentCacheFileManager.h */,
				DD1D23951C7785A900D0477A /* SPTPersistentCacheFileManager.m */,
				DD1D23961C7785A900D0477A /* SPTPersistentCacheHeader.m */,
				9C9E707A1C790F0B00E1CBE6 /* SPTPersistentCacheObjectDescription.h */,
				9C9E70791C790F0B00E1CBE6 /* SPTPersistentCacheObjectDescription.m */,
				DD1D23971C7785A900D0477A /* SPTPersistentCacheOptions.m */,
				DD1D23981C7785A900D0477A /* SPTPersistentCacheRecord.m */,
				DD1D23991C7785A900D0477A /* SPTPersistentCacheRecord+Private.h */,
				DD1D239A1C7785A900D0477A /* SPTPersistentCacheResponse.m */,
				DD1D239B1C7785A900D0477A /* SPTPersistentCacheResponse+Private.h */,
				DD1D239C1C7785A900D0477A /* SPTPersistentCacheGarbageCollector.h */,
				DD1D239D1C7785A900D0477A /* SPTPersistentCacheGarbageCollector.m */,
				C45526B21C77DCCC008D5570 /* SPTPersistentCacheTypeUtilities.h */,
				C45526B31C77DCCC008D5570 /* SPTPersistentCacheTypeUtilities.m */,
				C4EA65041C7A547000A6091A /* SPTPersistentCacheDebugUtilities.h */,
				C4EA65051C7A547000A6091A /* SPTPersistentCacheDebugUtilities.m */,
				050076B11C7A4354000819B5 /* SPTPersistentCachePosixWrapper.h */,
				050076B21C7A4354000819B5 /* SPTPersistentCachePosixWrapper.m */,
			);
			name = Sources;
			path = ../Sources;
			sourceTree = "<group>";
		};
		052021FA1C7382B5003A4FB4 /* Supporting Files */ = {
			isa = PBXGroup;
			children = (
				052021FB1C7382C6003A4FB4 /* Info.plist */,
				052022061C738600003A4FB4 /* project.xcconfig */,
				052022091C738637003A4FB4 /* spotify_os.xcconfig */,
			);
			name = "Supporting Files";
			sourceTree = "<group>";
		};
		DD1D238B1C7785A900D0477A /* Categories */ = {
			isa = PBXGroup;
			children = (
				DD1D238C1C7785A900D0477A /* NSError+SPTPersistentCacheDomainErrors.h */,
				DD1D238D1C7785A900D0477A /* NSError+SPTPersistentCacheDomainErrors.m */,
			);
			path = Categories;
			sourceTree = "<group>";
		};
/* End PBXGroup section */

/* Begin PBXHeadersBuildPhase section */
		052021991C737DBE003A4FB4 /* Headers */ = {
			isa = PBXHeadersBuildPhase;
			buildActionMask = 2147483647;
			files = (
				DD1D239E1C7785A900D0477A /* NSError+SPTPersistentCacheDomainErrors.h in Headers */,
				DD1D23AB1C7785A900D0477A /* SPTPersistentCacheRecord+Private.h in Headers */,
				DD1D23A61C7785A900D0477A /* SPTPersistentCacheFileManager.h in Headers */,
				DD1D23831C77857900D0477A /* SPTPersistentCacheResponse.h in Headers */,
				C45526B41C77DCCC008D5570 /* SPTPersistentCacheTypeUtilities.h in Headers */,
				DD1D237F1C77857900D0477A /* SPTPersistentCache.h in Headers */,
				DD1D23801C77857900D0477A /* SPTPersistentCacheHeader.h in Headers */,
				DD1D23AD1C7785A900D0477A /* SPTPersistentCacheResponse+Private.h in Headers */,
				C4EA65061C7A547000A6091A /* SPTPersistentCacheDebugUtilities.h in Headers */,
				DD1D23821C77857900D0477A /* SPTPersistentCacheRecord.h in Headers */,
				DD1D23A31C7785A900D0477A /* crc32iso3309.h in Headers */,
				DD1D23AE1C7785A900D0477A /* SPTPersistentCacheGarbageCollector.h in Headers */,
				DD1D23A51C7785A900D0477A /* SPTPersistentCache+Private.h in Headers */,
				9C9E707C1C790F0B00E1CBE6 /* SPTPersistentCacheObjectDescription.h in Headers */,
				050076B31C7A4354000819B5 /* SPTPersistentCachePosixWrapper.h in Headers */,
				DD1D23811C77857900D0477A /* SPTPersistentCacheOptions.h in Headers */,
			);
			runOnlyForDeploymentPostprocessing = 0;
		};
		052021EF1C738048003A4FB4 /* Headers */ = {
			isa = PBXHeadersBuildPhase;
			buildActionMask = 2147483647;
			files = (
				DD1D23BE1C7785AE00D0477A /* SPTPersistentCacheGarbageCollector.h in Headers */,
				DD1D23B61C7785AE00D0477A /* SPTPersistentCacheFileManager.h in Headers */,
				DD1D23851C77857E00D0477A /* SPTPersistentCache.h in Headers */,
				DD1D23B51C7785AE00D0477A /* SPTPersistentCache+Private.h in Headers */,
				DD1D23BB1C7785AE00D0477A /* SPTPersistentCacheRecord+Private.h in Headers */,
				DD1D23B31C7785AE00D0477A /* crc32iso3309.h in Headers */,
				DD1D23BD1C7785AE00D0477A /* SPTPersistentCacheResponse+Private.h in Headers */,
				C4EA65071C7A547000A6091A /* SPTPersistentCacheDebugUtilities.h in Headers */,
				DD1D23871C77857E00D0477A /* SPTPersistentCacheOptions.h in Headers */,
				9C9E707E1C790F3B00E1CBE6 /* SPTPersistentCacheObjectDescription.h in Headers */,
				DD1D23891C77857E00D0477A /* SPTPersistentCacheResponse.h in Headers */,
				C45526B51C77DCCC008D5570 /* SPTPersistentCacheTypeUtilities.h in Headers */,
				DD1D23861C77857E00D0477A /* SPTPersistentCacheHeader.h in Headers */,
				DD1D23881C77857E00D0477A /* SPTPersistentCacheRecord.h in Headers */,
			);
			runOnlyForDeploymentPostprocessing = 0;
		};
/* End PBXHeadersBuildPhase section */

/* Begin PBXNativeTarget section */
		0520219B1C737DBE003A4FB4 /* SPTPersistentCache-iOS */ = {
			isa = PBXNativeTarget;
			buildConfigurationList = 052021A41C737DBE003A4FB4 /* Build configuration list for PBXNativeTarget "SPTPersistentCache-iOS" */;
			buildPhases = (
				052021971C737DBE003A4FB4 /* Sources */,
				052021981C737DBE003A4FB4 /* Frameworks */,
				052021991C737DBE003A4FB4 /* Headers */,
				0520219A1C737DBE003A4FB4 /* Resources */,
			);
			buildRules = (
			);
			dependencies = (
			);
			name = "SPTPersistentCache-iOS";
			productName = SPTPersistentCacheFramework;
			productReference = 0520219C1C737DBE003A4FB4 /* SPTPersistentCache.framework */;
			productType = "com.apple.product-type.framework";
		};
		052021F11C738048003A4FB4 /* SPTPersistentCache-OSX */ = {
			isa = PBXNativeTarget;
			buildConfigurationList = 052021F71C738048003A4FB4 /* Build configuration list for PBXNativeTarget "SPTPersistentCache-OSX" */;
			buildPhases = (
				052021ED1C738048003A4FB4 /* Sources */,
				052021EE1C738048003A4FB4 /* Frameworks */,
				052021EF1C738048003A4FB4 /* Headers */,
				052021F01C738048003A4FB4 /* Resources */,
			);
			buildRules = (
			);
			dependencies = (
			);
			name = "SPTPersistentCache-OSX";
			productName = SPTPersistentCacheOSXFramework;
			productReference = 052021F21C738048003A4FB4 /* SPTPersistentCache.framework */;
			productType = "com.apple.product-type.framework";
		};
/* End PBXNativeTarget section */

/* Begin PBXProject section */
		052021931C737DBD003A4FB4 /* Project object */ = {
			isa = PBXProject;
			attributes = {
				CLASSPREFIX = SPTPersistentCache;
				LastUpgradeCheck = 0900;
				ORGANIZATIONNAME = Spotify;
				TargetAttributes = {
					0520219B1C737DBE003A4FB4 = {
						CreatedOnToolsVersion = 7.2.1;
					};
					052021F11C738048003A4FB4 = {
						CreatedOnToolsVersion = 7.2.1;
					};
				};
			};
			buildConfigurationList = 052021961C737DBD003A4FB4 /* Build configuration list for PBXProject "SPTPersistentCacheFramework" */;
			compatibilityVersion = "Xcode 6.3";
			developmentRegion = English;
			hasScannedForEncodings = 0;
			knownRegions = (
				en,
			);
			mainGroup = 052021921C737DBD003A4FB4;
			productRefGroup = 0520219D1C737DBE003A4FB4 /* Products */;
			projectDirPath = "";
			projectRoot = "";
			targets = (
				0520219B1C737DBE003A4FB4 /* SPTPersistentCache-iOS */,
				052021F11C738048003A4FB4 /* SPTPersistentCache-OSX */,
			);
		};
/* End PBXProject section */

/* Begin PBXResourcesBuildPhase section */
		0520219A1C737DBE003A4FB4 /* Resources */ = {
			isa = PBXResourcesBuildPhase;
			buildActionMask = 2147483647;
			files = (
			);
			runOnlyForDeploymentPostprocessing = 0;
		};
		052021F01C738048003A4FB4 /* Resources */ = {
			isa = PBXResourcesBuildPhase;
			buildActionMask = 2147483647;
			files = (
			);
			runOnlyForDeploymentPostprocessing = 0;
		};
/* End PBXResourcesBuildPhase section */

/* Begin PBXSourcesBuildPhase section */
		052021971C737DBE003A4FB4 /* Sources */ = {
			isa = PBXSourcesBuildPhase;
			buildActionMask = 2147483647;
			files = (
				C4EA65081C7A547000A6091A /* SPTPersistentCacheDebugUtilities.m in Sources */,
				DD1D23AA1C7785A900D0477A /* SPTPersistentCacheRecord.m in Sources */,
				DD1D23A21C7785A900D0477A /* crc32iso3309.c in Sources */,
				DD1D23AF1C7785A900D0477A /* SPTPersistentCacheGarbageCollector.m in Sources */,
				050076B41C7A4354000819B5 /* SPTPersistentCachePosixWrapper.m in Sources */,
				9C9E707B1C790F0B00E1CBE6 /* SPTPersistentCacheObjectDescription.m in Sources */,
				DD1D23A71C7785A900D0477A /* SPTPersistentCacheFileManager.m in Sources */,
				DD1D239F1C7785A900D0477A /* NSError+SPTPersistentCacheDomainErrors.m in Sources */,
				DD1D23A81C7785A900D0477A /* SPTPersistentCacheHeader.m in Sources */,
				C45526B61C77DCCC008D5570 /* SPTPersistentCacheTypeUtilities.m in Sources */,
				DD1D23A41C7785A900D0477A /* SPTPersistentCache.m in Sources */,
				DD1D23AC1C7785A900D0477A /* SPTPersistentCacheResponse.m in Sources */,
				DD1D23A91C7785A900D0477A /* SPTPersistentCacheOptions.m in Sources */,
			);
			runOnlyForDeploymentPostprocessing = 0;
		};
		052021ED1C738048003A4FB4 /* Sources */ = {
			isa = PBXSourcesBuildPhase;
			buildActionMask = 2147483647;
			files = (
				DD1D23BF1C7785AE00D0477A /* SPTPersistentCacheGarbageCollector.m in Sources */,
				DD1D23B21C7785AE00D0477A /* crc32iso3309.c in Sources */,
				DD1D23B81C7785AE00D0477A /* SPTPersistentCacheHeader.m in Sources */,
				DD1D23BC1C7785AE00D0477A /* SPTPersistentCacheResponse.m in Sources */,
				DD1D23BA1C7785AE00D0477A /* SPTPersistentCacheRecord.m in Sources */,
				C4EA65091C7A547000A6091A /* SPTPersistentCacheDebugUtilities.m in Sources */,
				DD1D23B71C7785AE00D0477A /* SPTPersistentCacheFileManager.m in Sources */,
				DD1D23B91C7785AE00D0477A /* SPTPersistentCacheOptions.m in Sources */,
				DD1D23B41C7785AE00D0477A /* SPTPersistentCache.m in Sources */,
				C45526B71C77DCCC008D5570 /* SPTPersistentCacheTypeUtilities.m in Sources */,
				9C9E707D1C790F3700E1CBE6 /* SPTPersistentCacheObjectDescription.m in Sources */,
				050076B51C7A4DC7000819B5 /* SPTPersistentCachePosixWrapper.m in Sources */,
			);
			runOnlyForDeploymentPostprocessing = 0;
		};
/* End PBXSourcesBuildPhase section */

/* Begin XCBuildConfiguration section */
		052021A21C737DBE003A4FB4 /* Debug */ = {
			isa = XCBuildConfiguration;
			baseConfigurationReference = 052022061C738600003A4FB4 /* project.xcconfig */;
			buildSettings = {
				HEADER_SEARCH_PATHS = ../include;
				INFOPLIST_FILE = Info.plist;
				SPT_BUILDING_FRAMEWORK = 1;
			};
			name = Debug;
		};
		052021A31C737DBE003A4FB4 /* Release */ = {
			isa = XCBuildConfiguration;
			baseConfigurationReference = 052022061C738600003A4FB4 /* project.xcconfig */;
			buildSettings = {
				HEADER_SEARCH_PATHS = ../include;
				INFOPLIST_FILE = Info.plist;
				SPT_BUILDING_FRAMEWORK = 1;
			};
			name = Release;
		};
		052021A51C737DBE003A4FB4 /* Debug */ = {
			isa = XCBuildConfiguration;
			buildSettings = {
				DEFINES_MODULE = YES;
				PRODUCT_BUNDLE_IDENTIFIER = "com.spotify.SPTPersistentCache-iOS";
				PRODUCT_NAME = SPTPersistentCache;
				SDKROOT = iphoneos;
				SKIP_INSTALL = YES;
				SUPPORTED_PLATFORMS = "iphonesimulator iphoneos";
				VALID_ARCHS = "i386 x86_64 armv7 arm64 armv7s";
			};
			name = Debug;
		};
		052021A61C737DBE003A4FB4 /* Release */ = {
			isa = XCBuildConfiguration;
			buildSettings = {
				DEFINES_MODULE = YES;
				PRODUCT_BUNDLE_IDENTIFIER = "com.spotify.SPTPersistentCache-iOS";
				PRODUCT_NAME = SPTPersistentCache;
				SDKROOT = iphoneos;
				SKIP_INSTALL = YES;
				SUPPORTED_PLATFORMS = "iphonesimulator iphoneos";
				VALID_ARCHS = "i386 x86_64 armv7 arm64 armv7s";
			};
			name = Release;
		};
		052021F81C738048003A4FB4 /* Debug */ = {
			isa = XCBuildConfiguration;
			buildSettings = {
				CODE_SIGN_IDENTITY = "-";
				COMBINE_HIDPI_IMAGES = YES;
				DEFINES_MODULE = YES;
				DYLIB_COMPATIBILITY_VERSION = 1;
				DYLIB_CURRENT_VERSION = 1;
				DYLIB_INSTALL_NAME_BASE = "@rpath";
				FRAMEWORK_VERSION = A;
				PRODUCT_BUNDLE_IDENTIFIER = "com.spotify.SPTPersistentCache-OSX";
				PRODUCT_NAME = SPTPersistentCache;
				SDKROOT = macosx;
				SKIP_INSTALL = YES;
				SUPPORTED_PLATFORMS = macosx;
				VALID_ARCHS = "i386 x86_64";
			};
			name = Debug;
		};
		052021F91C738048003A4FB4 /* Release */ = {
			isa = XCBuildConfiguration;
			buildSettings = {
				CODE_SIGN_IDENTITY = "-";
				COMBINE_HIDPI_IMAGES = YES;
				DEFINES_MODULE = YES;
				DYLIB_COMPATIBILITY_VERSION = 1;
				DYLIB_CURRENT_VERSION = 1;
				DYLIB_INSTALL_NAME_BASE = "@rpath";
				FRAMEWORK_VERSION = A;
				PRODUCT_BUNDLE_IDENTIFIER = "com.spotify.SPTPersistentCache-OSX";
				PRODUCT_NAME = SPTPersistentCache;
				SDKROOT = macosx;
				SKIP_INSTALL = YES;
				SUPPORTED_PLATFORMS = macosx;
				VALID_ARCHS = "i386 x86_64";
			};
			name = Release;
		};
/* End XCBuildConfiguration section */

/* Begin XCConfigurationList section */
		052021961C737DBD003A4FB4 /* Build configuration list for PBXProject "SPTPersistentCacheFramework" */ = {
			isa = XCConfigurationList;
			buildConfigurations = (
				052021A21C737DBE003A4FB4 /* Debug */,
				052021A31C737DBE003A4FB4 /* Release */,
			);
			defaultConfigurationIsVisible = 0;
			defaultConfigurationName = Release;
		};
		052021A41C737DBE003A4FB4 /* Build configuration list for PBXNativeTarget "SPTPersistentCache-iOS" */ = {
			isa = XCConfigurationList;
			buildConfigurations = (
				052021A51C737DBE003A4FB4 /* Debug */,
				052021A61C737DBE003A4FB4 /* Release */,
			);
			defaultConfigurationIsVisible = 0;
			defaultConfigurationName = Release;
		};
		052021F71C738048003A4FB4 /* Build configuration list for PBXNativeTarget "SPTPersistentCache-OSX" */ = {
			isa = XCConfigurationList;
			buildConfigurations = (
				052021F81C738048003A4FB4 /* Debug */,
				052021F91C738048003A4FB4 /* Release */,
			);
			defaultConfigurationIsVisible = 0;
			defaultConfigurationName = Release;
		};
/* End XCConfigurationList section */
	};
	rootObject = 052021931C737DBD003A4FB4 /* Project object */;
}
